// !$*UTF8*$!
{
	archiveVersion = 1;
	classes = {
	};
	objectVersion = 46;
	objects = {

/* Begin PBXBuildFile section */
		D24585A013865AB900B0881A /* UIKit.framework in Frameworks */ = {isa = PBXBuildFile; fileRef = D245859F13865AB900B0881A /* UIKit.framework */; };
		D24585A213865AB900B0881A /* Foundation.framework in Frameworks */ = {isa = PBXBuildFile; fileRef = D24585A113865AB900B0881A /* Foundation.framework */; };
		D24585A413865AB900B0881A /* CoreGraphics.framework in Frameworks */ = {isa = PBXBuildFile; fileRef = D24585A313865AB900B0881A /* CoreGraphics.framework */; };
		D24585AA13865AB900B0881A /* InfoPlist.strings in Resources */ = {isa = PBXBuildFile; fileRef = D24585A813865AB900B0881A /* InfoPlist.strings */; };
		D24585AD13865AB900B0881A /* main.m in Sources */ = {isa = PBXBuildFile; fileRef = D24585AC13865AB900B0881A /* main.m */; };
		D24585B013865ABA00B0881A /* One_minuteAppDelegate.m in Sources */ = {isa = PBXBuildFile; fileRef = D24585AF13865ABA00B0881A /* One_minuteAppDelegate.m */; };
		D24585B313865ABA00B0881A /* MainWindow.xib in Resources */ = {isa = PBXBuildFile; fileRef = D24585B113865ABA00B0881A /* MainWindow.xib */; };
		D24585BB13865AFF00B0881A /* CameraController.m in Sources */ = {isa = PBXBuildFile; fileRef = D24585BA13865AFF00B0881A /* CameraController.m */; };
		D24585BD13865CBF00B0881A /* AVFoundation.framework in Frameworks */ = {isa = PBXBuildFile; fileRef = D24585BC13865CBF00B0881A /* AVFoundation.framework */; };
		D24585BF13865CC700B0881A /* CoreAudio.framework in Frameworks */ = {isa = PBXBuildFile; fileRef = D24585BE13865CC700B0881A /* CoreAudio.framework */; };
		D24585C113865CCE00B0881A /* CoreMedia.framework in Frameworks */ = {isa = PBXBuildFile; fileRef = D24585C013865CCE00B0881A /* CoreMedia.framework */; };
		D24585C313865CD200B0881A /* CoreVideo.framework in Frameworks */ = {isa = PBXBuildFile; fileRef = D24585C213865CD200B0881A /* CoreVideo.framework */; };
		D24585C713865FD100B0881A /* EncoderImagesToMovie.m in Sources */ = {isa = PBXBuildFile; fileRef = D24585C513865FD100B0881A /* EncoderImagesToMovie.m */; };
		D24585C813865FD100B0881A /* EncoderImagesToMovie.xib in Resources */ = {isa = PBXBuildFile; fileRef = D24585C613865FD100B0881A /* EncoderImagesToMovie.xib */; };
		D24585D01386679300B0881A /* CameraController.xib in Resources */ = {isa = PBXBuildFile; fileRef = D24585CF1386679300B0881A /* CameraController.xib */; };
		D24585EC1386748D00B0881A /* Utils.m in Sources */ = {isa = PBXBuildFile; fileRef = D24585EB1386748D00B0881A /* Utils.m */; };
		D24585EF13867C3700B0881A /* MessageUI.framework in Frameworks */ = {isa = PBXBuildFile; fileRef = D24585EE13867C3700B0881A /* MessageUI.framework */; };
		D24586111386A3B500B0881A /* QuartzCore.framework in Frameworks */ = {isa = PBXBuildFile; fileRef = D24586101386A3B500B0881A /* QuartzCore.framework */; };
		D2C33DDC13A4D1030015F5ED /* RedGradientButton.m in Sources */ = {isa = PBXBuildFile; fileRef = D2C33DD613A4D1030015F5ED /* RedGradientButton.m */; };
		D2C33DDD13A4D1030015F5ED /* BlueGradientButton.m in Sources */ = {isa = PBXBuildFile; fileRef = D2C33DD813A4D1030015F5ED /* BlueGradientButton.m */; };
		D2C33DDE13A4D1030015F5ED /* AbstractGradientButton.m in Sources */ = {isa = PBXBuildFile; fileRef = D2C33DDB13A4D1030015F5ED /* AbstractGradientButton.m */; };
		D2D62A8E13882A390097530E /* WorkspaceItem.m in Sources */ = {isa = PBXBuildFile; fileRef = D2D62A8D13882A390097530E /* WorkspaceItem.m */; };
		D2D62A9613882A600097530E /* WorkspacesController.m in Sources */ = {isa = PBXBuildFile; fileRef = D2D62A8F13882A600097530E /* WorkspacesController.m */; };
		D2D62A9813882A600097530E /* WorkspacesController.xib in Resources */ = {isa = PBXBuildFile; fileRef = D2D62A9413882A600097530E /* WorkspacesController.xib */; };
		D2D62A9913882A600097530E /* WorkspaceFileListViewer.m in Sources */ = {isa = PBXBuildFile; fileRef = D2D62A9513882A600097530E /* WorkspaceFileListViewer.m */; };
		D2E953651387A9AC0083CFA4 /* WorkspaceFileListViewer.xib in Resources */ = {isa = PBXBuildFile; fileRef = D2E953631387A9AC0083CFA4 /* WorkspaceFileListViewer.xib */; };
		D2E953691387AD460083CFA4 /* MainMenuController.m in Sources */ = {isa = PBXBuildFile; fileRef = D2E953671387AD460083CFA4 /* MainMenuController.m */; };
		D2E9536A1387AD460083CFA4 /* MainMenuController.xib in Resources */ = {isa = PBXBuildFile; fileRef = D2E953681387AD460083CFA4 /* MainMenuController.xib */; };
		D2F82FDD1462ED0F00CFDE4C /* CrashReporter.m in Sources */ = {isa = PBXBuildFile; fileRef = D2F82F2B1462ED0E00CFDE4C /* CrashReporter.m */; };
		D2F82FDE1462ED0F00CFDE4C /* JMCIssuePreviewCell.m in Sources */ = {isa = PBXBuildFile; fileRef = D2F82F2E1462ED0E00CFDE4C /* JMCIssuePreviewCell.m */; };
		D2F82FDF1462ED0F00CFDE4C /* JMCIssuePreviewCell.xib in Resources */ = {isa = PBXBuildFile; fileRef = D2F82F2F1462ED0E00CFDE4C /* JMCIssuePreviewCell.xib */; };
		D2F82FE01462ED0F00CFDE4C /* JMCIssueStore.m in Sources */ = {isa = PBXBuildFile; fileRef = D2F82F311462ED0E00CFDE4C /* JMCIssueStore.m */; };
		D2F82FE11462ED0F00CFDE4C /* JMCIssuesViewController.m in Sources */ = {isa = PBXBuildFile; fileRef = D2F82F331462ED0E00CFDE4C /* JMCIssuesViewController.m */; };
		D2F82FE21462ED0F00CFDE4C /* JMCIssueViewController.m in Sources */ = {isa = PBXBuildFile; fileRef = D2F82F351462ED0E00CFDE4C /* JMCIssueViewController.m */; };
		D2F82FE31462ED0F00CFDE4C /* JMCIssueViewController.xib in Resources */ = {isa = PBXBuildFile; fileRef = D2F82F361462ED0E00CFDE4C /* JMCIssueViewController.xib */; };
		D2F82FE41462ED0F00CFDE4C /* JMCMessageBubble.m in Sources */ = {isa = PBXBuildFile; fileRef = D2F82F381462ED0E00CFDE4C /* JMCMessageBubble.m */; };
		D2F82FE51462ED0F00CFDE4C /* JMCMessageCell.m in Sources */ = {isa = PBXBuildFile; fileRef = D2F82F3A1462ED0E00CFDE4C /* JMCMessageCell.m */; };
		D2F82FE61462ED0F00CFDE4C /* JMCNotifier.m in Sources */ = {isa = PBXBuildFile; fileRef = D2F82F3C1462ED0E00CFDE4C /* JMCNotifier.m */; };
		D2F82FE71462ED0F00CFDE4C /* JMCRecorder.m in Sources */ = {isa = PBXBuildFile; fileRef = D2F82F3E1462ED0E00CFDE4C /* JMCRecorder.m */; };
		D2F82FE81462ED0F00CFDE4C /* JMCComment.m in Sources */ = {isa = PBXBuildFile; fileRef = D2F82F411462ED0E00CFDE4C /* JMCComment.m */; };
		D2F82FE91462ED0F00CFDE4C /* JMCIssue.m in Sources */ = {isa = PBXBuildFile; fileRef = D2F82F431462ED0E00CFDE4C /* JMCIssue.m */; };
		D2F82FEA1462ED0F00CFDE4C /* JMCQueueItem.m in Sources */ = {isa = PBXBuildFile; fileRef = D2F82F461462ED0E00CFDE4C /* JMCQueueItem.m */; };
		D2F82FEB1462ED0F00CFDE4C /* JMCRequestQueue.m in Sources */ = {isa = PBXBuildFile; fileRef = D2F82F481462ED0E00CFDE4C /* JMCRequestQueue.m */; };
		D2F82FEC1462ED0F00CFDE4C /* JMCLine.m in Sources */ = {isa = PBXBuildFile; fileRef = D2F82F4B1462ED0E00CFDE4C /* JMCLine.m */; };
		D2F82FED1462ED0F00CFDE4C /* JMCSketch.m in Sources */ = {isa = PBXBuildFile; fileRef = D2F82F4D1462ED0E00CFDE4C /* JMCSketch.m */; };
		D2F82FEE1462ED0F00CFDE4C /* JMCSketchContainerView.m in Sources */ = {isa = PBXBuildFile; fileRef = D2F82F4F1462ED0E00CFDE4C /* JMCSketchContainerView.m */; };
		D2F82FEF1462ED0F00CFDE4C /* JMCSketchScrollView.m in Sources */ = {isa = PBXBuildFile; fileRef = D2F82F511462ED0E00CFDE4C /* JMCSketchScrollView.m */; };
		D2F82FF01462ED0F00CFDE4C /* JMCSketchView.m in Sources */ = {isa = PBXBuildFile; fileRef = D2F82F531462ED0E00CFDE4C /* JMCSketchView.m */; };
		D2F82FF11462ED0F00CFDE4C /* JMCSketchViewController.m in Sources */ = {isa = PBXBuildFile; fileRef = D2F82F551462ED0E00CFDE4C /* JMCSketchViewController.m */; };
		D2F82FF21462ED0F00CFDE4C /* JMCSketchViewController.xib in Resources */ = {isa = PBXBuildFile; fileRef = D2F82F561462ED0E00CFDE4C /* JMCSketchViewController.xib */; };
		D2F82FF31462ED0F00CFDE4C /* JMCCrashSender.m in Sources */ = {isa = PBXBuildFile; fileRef = D2F82F5A1462ED0E00CFDE4C /* JMCCrashSender.m */; };
		D2F82FF41462ED0F00CFDE4C /* JMCCrashTransport.m in Sources */ = {isa = PBXBuildFile; fileRef = D2F82F5C1462ED0E00CFDE4C /* JMCCrashTransport.m */; };
		D2F82FF51462ED0F00CFDE4C /* JMCCreateIssueDelegate.m in Sources */ = {isa = PBXBuildFile; fileRef = D2F82F5E1462ED0E00CFDE4C /* JMCCreateIssueDelegate.m */; };
		D2F82FF61462ED0F00CFDE4C /* JMCIssueTransport.m in Sources */ = {isa = PBXBuildFile; fileRef = D2F82F601462ED0E00CFDE4C /* JMCIssueTransport.m */; };
		D2F82FF71462ED0F00CFDE4C /* JMCPing.m in Sources */ = {isa = PBXBuildFile; fileRef = D2F82F621462ED0E00CFDE4C /* JMCPing.m */; };
		D2F82FF81462ED0F00CFDE4C /* JMCReplyDelegate.m in Sources */ = {isa = PBXBuildFile; fileRef = D2F82F641462ED0E00CFDE4C /* JMCReplyDelegate.m */; };
		D2F82FF91462ED0F00CFDE4C /* JMCReplyTransport.m in Sources */ = {isa = PBXBuildFile; fileRef = D2F82F661462ED0E00CFDE4C /* JMCReplyTransport.m */; };
		D2F82FFA1462ED0F00CFDE4C /* JMCTransport.m in Sources */ = {isa = PBXBuildFile; fileRef = D2F82F681462ED0E00CFDE4C /* JMCTransport.m */; };
		D2F82FFB1462ED0F00CFDE4C /* JMCToolbarButton.m in Sources */ = {isa = PBXBuildFile; fileRef = D2F82F6B1462ED0F00CFDE4C /* JMCToolbarButton.m */; };
		D2F82FFC1462ED0F00CFDE4C /* UILabel+VerticalAlign.m in Sources */ = {isa = PBXBuildFile; fileRef = D2F82F6D1462ED0F00CFDE4C /* UILabel+VerticalAlign.m */; };
		D2F82FFD1462ED0F00CFDE4C /* UIView+Additions.m in Sources */ = {isa = PBXBuildFile; fileRef = D2F82F6F1462ED0F00CFDE4C /* UIView+Additions.m */; };
		D2F82FFE1462ED0F00CFDE4C /* JMC.m in Sources */ = {isa = PBXBuildFile; fileRef = D2F82F711462ED0F00CFDE4C /* JMC.m */; };
		D2F82FFF1462ED0F00CFDE4C /* JMCAttachmentItem.m in Sources */ = {isa = PBXBuildFile; fileRef = D2F82F731462ED0F00CFDE4C /* JMCAttachmentItem.m */; };
		D2F830001462ED0F00CFDE4C /* JMCViewController.m in Sources */ = {isa = PBXBuildFile; fileRef = D2F82F771462ED0F00CFDE4C /* JMCViewController.m */; };
		D2F830011462ED0F00CFDE4C /* JMCViewController.xib in Resources */ = {isa = PBXBuildFile; fileRef = D2F82F781462ED0F00CFDE4C /* JMCViewController.xib */; };
		D2F830021462ED0F00CFDE4C /* ASIAuthenticationDialog.m in Sources */ = {isa = PBXBuildFile; fileRef = D2F82F7C1462ED0F00CFDE4C /* ASIAuthenticationDialog.m */; };
		D2F830031462ED0F00CFDE4C /* ASIDataCompressor.m in Sources */ = {isa = PBXBuildFile; fileRef = D2F82F7F1462ED0F00CFDE4C /* ASIDataCompressor.m */; };
		D2F830041462ED0F00CFDE4C /* ASIDataDecompressor.m in Sources */ = {isa = PBXBuildFile; fileRef = D2F82F811462ED0F00CFDE4C /* ASIDataDecompressor.m */; };
		D2F830051462ED0F00CFDE4C /* ASIDownloadCache.m in Sources */ = {isa = PBXBuildFile; fileRef = D2F82F831462ED0F00CFDE4C /* ASIDownloadCache.m */; };
		D2F830061462ED0F00CFDE4C /* ASIFormDataRequest.m in Sources */ = {isa = PBXBuildFile; fileRef = D2F82F851462ED0F00CFDE4C /* ASIFormDataRequest.m */; };
		D2F830071462ED0F00CFDE4C /* ASIHTTPRequest.m in Sources */ = {isa = PBXBuildFile; fileRef = D2F82F871462ED0F00CFDE4C /* ASIHTTPRequest.m */; };
		D2F830081462ED0F00CFDE4C /* ASIInputStream.m in Sources */ = {isa = PBXBuildFile; fileRef = D2F82F8B1462ED0F00CFDE4C /* ASIInputStream.m */; };
		D2F830091462ED0F00CFDE4C /* ASINetworkQueue.m in Sources */ = {isa = PBXBuildFile; fileRef = D2F82F8D1462ED0F00CFDE4C /* ASINetworkQueue.m */; };
		D2F8300A1462ED0F00CFDE4C /* CrashReporter.framework in Frameworks */ = {isa = PBXBuildFile; fileRef = D2F82F8F1462ED0F00CFDE4C /* CrashReporter.framework */; };
		D2F8300B1462ED0F00CFDE4C /* CONTRIBUTORS.txt in Resources */ = {isa = PBXBuildFile; fileRef = D2F82F911462ED0F00CFDE4C /* CONTRIBUTORS.txt */; };
		D2F8300C1462ED0F00CFDE4C /* LICENSE.txt in Resources */ = {isa = PBXBuildFile; fileRef = D2F82F921462ED0F00CFDE4C /* LICENSE.txt */; };
		D2F8300D1462ED0F00CFDE4C /* FMDatabase.m in Sources */ = {isa = PBXBuildFile; fileRef = D2F82F951462ED0F00CFDE4C /* FMDatabase.m */; };
		D2F8300E1462ED0F00CFDE4C /* FMDatabaseAdditions.m in Sources */ = {isa = PBXBuildFile; fileRef = D2F82F971462ED0F00CFDE4C /* FMDatabaseAdditions.m */; };
		D2F8300F1462ED0F00CFDE4C /* FMResultSet.m in Sources */ = {isa = PBXBuildFile; fileRef = D2F82F991462ED0F00CFDE4C /* FMResultSet.m */; };
		D2F830101462ED0F00CFDE4C /* NSObject+SBJSON.m in Sources */ = {isa = PBXBuildFile; fileRef = D2F82F9D1462ED0F00CFDE4C /* NSObject+SBJSON.m */; };
		D2F830111462ED0F00CFDE4C /* NSString+SBJSON.m in Sources */ = {isa = PBXBuildFile; fileRef = D2F82F9F1462ED0F00CFDE4C /* NSString+SBJSON.m */; };
		D2F830121462ED0F00CFDE4C /* SBJsonBase.m in Sources */ = {isa = PBXBuildFile; fileRef = D2F82FA11462ED0F00CFDE4C /* SBJsonBase.m */; };
		D2F830131462ED0F00CFDE4C /* SBJsonParser.m in Sources */ = {isa = PBXBuildFile; fileRef = D2F82FA31462ED0F00CFDE4C /* SBJsonParser.m */; };
		D2F830141462ED0F00CFDE4C /* SBJsonWriter.m in Sources */ = {isa = PBXBuildFile; fileRef = D2F82FA51462ED0F00CFDE4C /* SBJsonWriter.m */; };
		D2F830151462ED0F00CFDE4C /* ASI-HTTP-REQUEST.txt in Resources */ = {isa = PBXBuildFile; fileRef = D2F82FA71462ED0F00CFDE4C /* ASI-HTTP-REQUEST.txt */; };
		D2F830161462ED0F00CFDE4C /* CR-ACTIVITY-VIEW.txt in Resources */ = {isa = PBXBuildFile; fileRef = D2F82FA81462ED0F00CFDE4C /* CR-ACTIVITY-VIEW.txt */; };
		D2F830171462ED0F00CFDE4C /* FMDB.txt in Resources */ = {isa = PBXBuildFile; fileRef = D2F82FA91462ED0F00CFDE4C /* FMDB.txt */; };
		D2F830181462ED0F00CFDE4C /* JSON.txt in Resources */ = {isa = PBXBuildFile; fileRef = D2F82FAA1462ED0F00CFDE4C /* JSON.txt */; };
		D2F830191462ED0F00CFDE4C /* PL-CRASH-REPORTER.txt in Resources */ = {isa = PBXBuildFile; fileRef = D2F82FAB1462ED0F00CFDE4C /* PL-CRASH-REPORTER.txt */; };
		D2F8301A1462ED0F00CFDE4C /* UI-IMAGE-CATEGORIES.txt in Resources */ = {isa = PBXBuildFile; fileRef = D2F82FAC1462ED0F00CFDE4C /* UI-IMAGE-CATEGORIES.txt */; };
		D2F8301B1462ED0F00CFDE4C /* Reachability.m in Sources */ = {isa = PBXBuildFile; fileRef = D2F82FAF1462ED0F00CFDE4C /* Reachability.m */; };
		D2F8301C1462ED0F00CFDE4C /* UIImage+Alpha.m in Sources */ = {isa = PBXBuildFile; fileRef = D2F82FB21462ED0F00CFDE4C /* UIImage+Alpha.m */; };
		D2F8301D1462ED0F00CFDE4C /* UIImage+Resize.m in Sources */ = {isa = PBXBuildFile; fileRef = D2F82FB41462ED0F00CFDE4C /* UIImage+Resize.m */; };
		D2F8301E1462ED0F00CFDE4C /* UIImage+RoundedCorner.m in Sources */ = {isa = PBXBuildFile; fileRef = D2F82FB61462ED0F00CFDE4C /* UIImage+RoundedCorner.m */; };
		D2F8301F1462ED0F00CFDE4C /* Balloon_1.png in Resources */ = {isa = PBXBuildFile; fileRef = D2F82FB81462ED0F00CFDE4C /* Balloon_1.png */; };
		D2F830201462ED0F00CFDE4C /* Balloon_2.png in Resources */ = {isa = PBXBuildFile; fileRef = D2F82FB91462ED0F00CFDE4C /* Balloon_2.png */; };
		D2F830211462ED0F00CFDE4C /* bluedot.png in Resources */ = {isa = PBXBuildFile; fileRef = D2F82FBA1462ED0F00CFDE4C /* bluedot.png */; };
		D2F830221462ED0F00CFDE4C /* button_base.png in Resources */ = {isa = PBXBuildFile; fileRef = D2F82FBB1462ED0F00CFDE4C /* button_base.png */; };
		D2F830231462ED0F00CFDE4C /* button_base@2x.png in Resources */ = {isa = PBXBuildFile; fileRef = D2F82FBC1462ED0F00CFDE4C /* button_base@2x.png */; };
		D2F830241462ED0F00CFDE4C /* cancel.png in Resources */ = {isa = PBXBuildFile; fileRef = D2F82FBD1462ED0F00CFDE4C /* cancel.png */; };
		D2F830251462ED0F00CFDE4C /* JMCLocalizable.strings in Resources */ = {isa = PBXBuildFile; fileRef = D2F82FBE1462ED0F00CFDE4C /* JMCLocalizable.strings */; };
		D2F830261462ED0F00CFDE4C /* icon_capture.png in Resources */ = {isa = PBXBuildFile; fileRef = D2F82FC11462ED0F00CFDE4C /* icon_capture.png */; };
		D2F830271462ED0F00CFDE4C /* icon_capture@2x.png in Resources */ = {isa = PBXBuildFile; fileRef = D2F82FC21462ED0F00CFDE4C /* icon_capture@2x.png */; };
		D2F830281462ED0F00CFDE4C /* icon_record.png in Resources */ = {isa = PBXBuildFile; fileRef = D2F82FC31462ED0F00CFDE4C /* icon_record.png */; };
		D2F830291462ED0F00CFDE4C /* icon_record@2x.png in Resources */ = {isa = PBXBuildFile; fileRef = D2F82FC41462ED0F00CFDE4C /* icon_record@2x.png */; };
		D2F8302A1462ED0F00CFDE4C /* icon_record_1.png in Resources */ = {isa = PBXBuildFile; fileRef = D2F82FC51462ED0F00CFDE4C /* icon_record_1.png */; };
		D2F8302B1462ED0F00CFDE4C /* icon_record_1@2x.png in Resources */ = {isa = PBXBuildFile; fileRef = D2F82FC61462ED0F00CFDE4C /* icon_record_1@2x.png */; };
		D2F8302C1462ED0F00CFDE4C /* icon_record_2.png in Resources */ = {isa = PBXBuildFile; fileRef = D2F82FC71462ED0F00CFDE4C /* icon_record_2.png */; };
		D2F8302D1462ED0F00CFDE4C /* icon_record_2@2x.png in Resources */ = {isa = PBXBuildFile; fileRef = D2F82FC81462ED0F00CFDE4C /* icon_record_2@2x.png */; };
		D2F8302E1462ED0F00CFDE4C /* icon_record_3.png in Resources */ = {isa = PBXBuildFile; fileRef = D2F82FC91462ED0F00CFDE4C /* icon_record_3.png */; };
		D2F8302F1462ED0F00CFDE4C /* icon_record_3@2x.png in Resources */ = {isa = PBXBuildFile; fileRef = D2F82FCA1462ED0F00CFDE4C /* icon_record_3@2x.png */; };
		D2F830301462ED0F00CFDE4C /* icon_record_4.png in Resources */ = {isa = PBXBuildFile; fileRef = D2F82FCB1462ED0F00CFDE4C /* icon_record_4.png */; };
		D2F830311462ED0F00CFDE4C /* icon_record_4@2x.png in Resources */ = {isa = PBXBuildFile; fileRef = D2F82FCC1462ED0F00CFDE4C /* icon_record_4@2x.png */; };
		D2F830321462ED0F00CFDE4C /* icon_record_5.png in Resources */ = {isa = PBXBuildFile; fileRef = D2F82FCD1462ED0F00CFDE4C /* icon_record_5.png */; };
		D2F830331462ED0F00CFDE4C /* icon_record_5@2x.png in Resources */ = {isa = PBXBuildFile; fileRef = D2F82FCE1462ED0F00CFDE4C /* icon_record_5@2x.png */; };
		D2F830341462ED0F00CFDE4C /* icon_record_6.png in Resources */ = {isa = PBXBuildFile; fileRef = D2F82FCF1462ED0F00CFDE4C /* icon_record_6.png */; };
		D2F830351462ED0F00CFDE4C /* icon_record_6@2x.png in Resources */ = {isa = PBXBuildFile; fileRef = D2F82FD01462ED0F00CFDE4C /* icon_record_6@2x.png */; };
		D2F830361462ED0F00CFDE4C /* icon_record_7.png in Resources */ = {isa = PBXBuildFile; fileRef = D2F82FD11462ED0F00CFDE4C /* icon_record_7.png */; };
		D2F830371462ED0F00CFDE4C /* icon_record_7@2x.png in Resources */ = {isa = PBXBuildFile; fileRef = D2F82FD21462ED0F00CFDE4C /* icon_record_7@2x.png */; };
		D2F830381462ED0F00CFDE4C /* icon_record_8.png in Resources */ = {isa = PBXBuildFile; fileRef = D2F82FD31462ED0F00CFDE4C /* icon_record_8.png */; };
		D2F830391462ED0F00CFDE4C /* icon_record_8@2x.png in Resources */ = {isa = PBXBuildFile; fileRef = D2F82FD41462ED0F00CFDE4C /* icon_record_8@2x.png */; };
		D2F8303A1462ED0F00CFDE4C /* icon_record_active.png in Resources */ = {isa = PBXBuildFile; fileRef = D2F82FD51462ED0F00CFDE4C /* icon_record_active.png */; };
		D2F8303B1462ED0F00CFDE4C /* icon_record_active@2x.png in Resources */ = {isa = PBXBuildFile; fileRef = D2F82FD61462ED0F00CFDE4C /* icon_record_active@2x.png */; };
		D2F8303C1462ED0F00CFDE4C /* icon_record_pulse.png in Resources */ = {isa = PBXBuildFile; fileRef = D2F82FD71462ED0F00CFDE4C /* icon_record_pulse.png */; };
		D2F8303D1462ED0F00CFDE4C /* icon_record_pulse@2x.png in Resources */ = {isa = PBXBuildFile; fileRef = D2F82FD81462ED0F00CFDE4C /* icon_record_pulse@2x.png */; };
		D2F8303E1462ED0F00CFDE4C /* megaphone.png in Resources */ = {isa = PBXBuildFile; fileRef = D2F82FD91462ED0F00CFDE4C /* megaphone.png */; };
		D2F8303F1462ED0F00CFDE4C /* megaphone@2x.png in Resources */ = {isa = PBXBuildFile; fileRef = D2F82FDA1462ED0F00CFDE4C /* megaphone@2x.png */; };
		D2F830401462ED0F00CFDE4C /* notsent.png in Resources */ = {isa = PBXBuildFile; fileRef = D2F82FDB1462ED0F00CFDE4C /* notsent.png */; };
		D2F830411462ED0F00CFDE4C /* notsent@2x.png in Resources */ = {isa = PBXBuildFile; fileRef = D2F82FDC1462ED0F00CFDE4C /* notsent@2x.png */; };
		D2F830441462ED5200CFDE4C /* libz.dylib in Frameworks */ = {isa = PBXBuildFile; fileRef = D2F830431462ED5200CFDE4C /* libz.dylib */; };
		D2F830461462ED6400CFDE4C /* libsqlite3.dylib in Frameworks */ = {isa = PBXBuildFile; fileRef = D2F830451462ED6400CFDE4C /* libsqlite3.dylib */; };
		D2F830481462ED7C00CFDE4C /* CFNetwork.framework in Frameworks */ = {isa = PBXBuildFile; fileRef = D2F830471462ED7C00CFDE4C /* CFNetwork.framework */; };
		D2F8304A1462ED9D00CFDE4C /* SystemConfiguration.framework in Frameworks */ = {isa = PBXBuildFile; fileRef = D2F830491462ED9D00CFDE4C /* SystemConfiguration.framework */; };
		D2F8304C1462EDA800CFDE4C /* MobileCoreServices.framework in Frameworks */ = {isa = PBXBuildFile; fileRef = D2F8304B1462EDA800CFDE4C /* MobileCoreServices.framework */; };
		D2F8304E1462EDBE00CFDE4C /* CoreLocation.framework in Frameworks */ = {isa = PBXBuildFile; fileRef = D2F8304D1462EDBE00CFDE4C /* CoreLocation.framework */; };
/* End PBXBuildFile section */

/* Begin PBXFileReference section */
		D245859B13865AB900B0881A /* One minute.app */ = {isa = PBXFileReference; explicitFileType = wrapper.application; includeInIndex = 0; path = "One minute.app"; sourceTree = BUILT_PRODUCTS_DIR; };
		D245859F13865AB900B0881A /* UIKit.framework */ = {isa = PBXFileReference; lastKnownFileType = wrapper.framework; name = UIKit.framework; path = System/Library/Frameworks/UIKit.framework; sourceTree = SDKROOT; };
		D24585A113865AB900B0881A /* Foundation.framework */ = {isa = PBXFileReference; lastKnownFileType = wrapper.framework; name = Foundation.framework; path = System/Library/Frameworks/Foundation.framework; sourceTree = SDKROOT; };
		D24585A313865AB900B0881A /* CoreGraphics.framework */ = {isa = PBXFileReference; lastKnownFileType = wrapper.framework; name = CoreGraphics.framework; path = System/Library/Frameworks/CoreGraphics.framework; sourceTree = SDKROOT; };
		D24585A713865AB900B0881A /* One minute-Info.plist */ = {isa = PBXFileReference; lastKnownFileType = text.plist.xml; path = "One minute-Info.plist"; sourceTree = "<group>"; };
		D24585A913865AB900B0881A /* en */ = {isa = PBXFileReference; lastKnownFileType = text.plist.strings; name = en; path = en.lproj/InfoPlist.strings; sourceTree = "<group>"; };
		D24585AB13865AB900B0881A /* One minute-Prefix.pch */ = {isa = PBXFileReference; lastKnownFileType = sourcecode.c.h; path = "One minute-Prefix.pch"; sourceTree = "<group>"; };
		D24585AC13865AB900B0881A /* main.m */ = {isa = PBXFileReference; lastKnownFileType = sourcecode.c.objc; path = main.m; sourceTree = "<group>"; };
		D24585AE13865AB900B0881A /* One_minuteAppDelegate.h */ = {isa = PBXFileReference; lastKnownFileType = sourcecode.c.h; path = One_minuteAppDelegate.h; sourceTree = "<group>"; };
		D24585AF13865ABA00B0881A /* One_minuteAppDelegate.m */ = {isa = PBXFileReference; lastKnownFileType = sourcecode.c.objc; path = One_minuteAppDelegate.m; sourceTree = "<group>"; };
		D24585B213865ABA00B0881A /* en */ = {isa = PBXFileReference; lastKnownFileType = file.xib; name = en; path = en.lproj/MainWindow.xib; sourceTree = "<group>"; };
		D24585B913865AFF00B0881A /* CameraController.h */ = {isa = PBXFileReference; fileEncoding = 4; lastKnownFileType = sourcecode.c.h; path = CameraController.h; sourceTree = "<group>"; };
		D24585BA13865AFF00B0881A /* CameraController.m */ = {isa = PBXFileReference; fileEncoding = 4; lastKnownFileType = sourcecode.c.objc; path = CameraController.m; sourceTree = "<group>"; };
		D24585BC13865CBF00B0881A /* AVFoundation.framework */ = {isa = PBXFileReference; lastKnownFileType = wrapper.framework; name = AVFoundation.framework; path = System/Library/Frameworks/AVFoundation.framework; sourceTree = SDKROOT; };
		D24585BE13865CC700B0881A /* CoreAudio.framework */ = {isa = PBXFileReference; lastKnownFileType = wrapper.framework; name = CoreAudio.framework; path = System/Library/Frameworks/CoreAudio.framework; sourceTree = SDKROOT; };
		D24585C013865CCE00B0881A /* CoreMedia.framework */ = {isa = PBXFileReference; lastKnownFileType = wrapper.framework; name = CoreMedia.framework; path = System/Library/Frameworks/CoreMedia.framework; sourceTree = SDKROOT; };
		D24585C213865CD200B0881A /* CoreVideo.framework */ = {isa = PBXFileReference; lastKnownFileType = wrapper.framework; name = CoreVideo.framework; path = System/Library/Frameworks/CoreVideo.framework; sourceTree = SDKROOT; };
		D24585C413865FD100B0881A /* EncoderImagesToMovie.h */ = {isa = PBXFileReference; fileEncoding = 4; lastKnownFileType = sourcecode.c.h; path = EncoderImagesToMovie.h; sourceTree = "<group>"; };
		D24585C513865FD100B0881A /* EncoderImagesToMovie.m */ = {isa = PBXFileReference; fileEncoding = 4; lastKnownFileType = sourcecode.c.objc; path = EncoderImagesToMovie.m; sourceTree = "<group>"; };
		D24585C613865FD100B0881A /* EncoderImagesToMovie.xib */ = {isa = PBXFileReference; fileEncoding = 4; lastKnownFileType = file.xib; path = EncoderImagesToMovie.xib; sourceTree = "<group>"; };
		D24585CF1386679300B0881A /* CameraController.xib */ = {isa = PBXFileReference; fileEncoding = 4; lastKnownFileType = file.xib; path = CameraController.xib; sourceTree = "<group>"; };
		D24585EA1386748D00B0881A /* Utils.h */ = {isa = PBXFileReference; fileEncoding = 4; lastKnownFileType = sourcecode.c.h; path = Utils.h; sourceTree = "<group>"; };
		D24585EB1386748D00B0881A /* Utils.m */ = {isa = PBXFileReference; fileEncoding = 4; lastKnownFileType = sourcecode.c.objc; path = Utils.m; sourceTree = "<group>"; };
		D24585EE13867C3700B0881A /* MessageUI.framework */ = {isa = PBXFileReference; lastKnownFileType = wrapper.framework; name = MessageUI.framework; path = System/Library/Frameworks/MessageUI.framework; sourceTree = SDKROOT; };
		D24586101386A3B500B0881A /* QuartzCore.framework */ = {isa = PBXFileReference; lastKnownFileType = wrapper.framework; name = QuartzCore.framework; path = System/Library/Frameworks/QuartzCore.framework; sourceTree = SDKROOT; };
		D2C33DD613A4D1030015F5ED /* RedGradientButton.m */ = {isa = PBXFileReference; fileEncoding = 4; lastKnownFileType = sourcecode.c.objc; name = RedGradientButton.m; path = Custom/RedGradientButton.m; sourceTree = "<group>"; };
		D2C33DD713A4D1030015F5ED /* RedGradientButton.h */ = {isa = PBXFileReference; fileEncoding = 4; lastKnownFileType = sourcecode.c.h; name = RedGradientButton.h; path = Custom/RedGradientButton.h; sourceTree = "<group>"; };
		D2C33DD813A4D1030015F5ED /* BlueGradientButton.m */ = {isa = PBXFileReference; fileEncoding = 4; lastKnownFileType = sourcecode.c.objc; name = BlueGradientButton.m; path = Custom/BlueGradientButton.m; sourceTree = "<group>"; };
		D2C33DD913A4D1030015F5ED /* BlueGradientButton.h */ = {isa = PBXFileReference; fileEncoding = 4; lastKnownFileType = sourcecode.c.h; name = BlueGradientButton.h; path = Custom/BlueGradientButton.h; sourceTree = "<group>"; };
		D2C33DDA13A4D1030015F5ED /* AbstractGradientButton.h */ = {isa = PBXFileReference; fileEncoding = 4; lastKnownFileType = sourcecode.c.h; name = AbstractGradientButton.h; path = Custom/AbstractGradientButton.h; sourceTree = "<group>"; };
		D2C33DDB13A4D1030015F5ED /* AbstractGradientButton.m */ = {isa = PBXFileReference; fileEncoding = 4; lastKnownFileType = sourcecode.c.objc; name = AbstractGradientButton.m; path = Custom/AbstractGradientButton.m; sourceTree = "<group>"; };
		D2D62A8C13882A390097530E /* WorkspaceItem.h */ = {isa = PBXFileReference; fileEncoding = 4; lastKnownFileType = sourcecode.c.h; name = WorkspaceItem.h; path = Workspace/WorkspaceItem.h; sourceTree = "<group>"; };
		D2D62A8D13882A390097530E /* WorkspaceItem.m */ = {isa = PBXFileReference; fileEncoding = 4; lastKnownFileType = sourcecode.c.objc; name = WorkspaceItem.m; path = Workspace/WorkspaceItem.m; sourceTree = "<group>"; };
		D2D62A8F13882A600097530E /* WorkspacesController.m */ = {isa = PBXFileReference; fileEncoding = 4; lastKnownFileType = sourcecode.c.objc; name = WorkspacesController.m; path = Workspace/WorkspacesController.m; sourceTree = "<group>"; };
		D2D62A9013882A600097530E /* WorkspacesController.h */ = {isa = PBXFileReference; fileEncoding = 4; lastKnownFileType = sourcecode.c.h; name = WorkspacesController.h; path = Workspace/WorkspacesController.h; sourceTree = "<group>"; };
		D2D62A9313882A600097530E /* WorkspaceFileListViewer.h */ = {isa = PBXFileReference; fileEncoding = 4; lastKnownFileType = sourcecode.c.h; name = WorkspaceFileListViewer.h; path = Workspace/WorkspaceFileListViewer.h; sourceTree = "<group>"; };
		D2D62A9413882A600097530E /* WorkspacesController.xib */ = {isa = PBXFileReference; fileEncoding = 4; lastKnownFileType = file.xib; name = WorkspacesController.xib; path = Workspace/WorkspacesController.xib; sourceTree = "<group>"; };
		D2D62A9513882A600097530E /* WorkspaceFileListViewer.m */ = {isa = PBXFileReference; fileEncoding = 4; lastKnownFileType = sourcecode.c.objc; name = WorkspaceFileListViewer.m; path = Workspace/WorkspaceFileListViewer.m; sourceTree = "<group>"; };
		D2E953631387A9AC0083CFA4 /* WorkspaceFileListViewer.xib */ = {isa = PBXFileReference; fileEncoding = 4; lastKnownFileType = file.xib; path = WorkspaceFileListViewer.xib; sourceTree = "<group>"; };
		D2E953661387AD460083CFA4 /* MainMenuController.h */ = {isa = PBXFileReference; fileEncoding = 4; lastKnownFileType = sourcecode.c.h; path = MainMenuController.h; sourceTree = "<group>"; };
		D2E953671387AD460083CFA4 /* MainMenuController.m */ = {isa = PBXFileReference; fileEncoding = 4; lastKnownFileType = sourcecode.c.objc; path = MainMenuController.m; sourceTree = "<group>"; };
		D2E953681387AD460083CFA4 /* MainMenuController.xib */ = {isa = PBXFileReference; fileEncoding = 4; lastKnownFileType = file.xib; path = MainMenuController.xib; sourceTree = "<group>"; };
		D2F82F2A1462ED0E00CFDE4C /* CrashReporter.h */ = {isa = PBXFileReference; fileEncoding = 4; lastKnownFileType = sourcecode.c.h; path = CrashReporter.h; sourceTree = "<group>"; };
		D2F82F2B1462ED0E00CFDE4C /* CrashReporter.m */ = {isa = PBXFileReference; fileEncoding = 4; lastKnownFileType = sourcecode.c.objc; path = CrashReporter.m; sourceTree = "<group>"; };
		D2F82F2D1462ED0E00CFDE4C /* JMCIssuePreviewCell.h */ = {isa = PBXFileReference; fileEncoding = 4; lastKnownFileType = sourcecode.c.h; path = JMCIssuePreviewCell.h; sourceTree = "<group>"; };
		D2F82F2E1462ED0E00CFDE4C /* JMCIssuePreviewCell.m */ = {isa = PBXFileReference; fileEncoding = 4; lastKnownFileType = sourcecode.c.objc; path = JMCIssuePreviewCell.m; sourceTree = "<group>"; };
		D2F82F2F1462ED0E00CFDE4C /* JMCIssuePreviewCell.xib */ = {isa = PBXFileReference; fileEncoding = 4; lastKnownFileType = file.xib; path = JMCIssuePreviewCell.xib; sourceTree = "<group>"; };
		D2F82F301462ED0E00CFDE4C /* JMCIssueStore.h */ = {isa = PBXFileReference; fileEncoding = 4; lastKnownFileType = sourcecode.c.h; path = JMCIssueStore.h; sourceTree = "<group>"; };
		D2F82F311462ED0E00CFDE4C /* JMCIssueStore.m */ = {isa = PBXFileReference; fileEncoding = 4; lastKnownFileType = sourcecode.c.objc; path = JMCIssueStore.m; sourceTree = "<group>"; };
		D2F82F321462ED0E00CFDE4C /* JMCIssuesViewController.h */ = {isa = PBXFileReference; fileEncoding = 4; lastKnownFileType = sourcecode.c.h; path = JMCIssuesViewController.h; sourceTree = "<group>"; };
		D2F82F331462ED0E00CFDE4C /* JMCIssuesViewController.m */ = {isa = PBXFileReference; fileEncoding = 4; lastKnownFileType = sourcecode.c.objc; path = JMCIssuesViewController.m; sourceTree = "<group>"; };
		D2F82F341462ED0E00CFDE4C /* JMCIssueViewController.h */ = {isa = PBXFileReference; fileEncoding = 4; lastKnownFileType = sourcecode.c.h; path = JMCIssueViewController.h; sourceTree = "<group>"; };
		D2F82F351462ED0E00CFDE4C /* JMCIssueViewController.m */ = {isa = PBXFileReference; fileEncoding = 4; lastKnownFileType = sourcecode.c.objc; path = JMCIssueViewController.m; sourceTree = "<group>"; };
		D2F82F361462ED0E00CFDE4C /* JMCIssueViewController.xib */ = {isa = PBXFileReference; fileEncoding = 4; lastKnownFileType = file.xib; path = JMCIssueViewController.xib; sourceTree = "<group>"; };
		D2F82F371462ED0E00CFDE4C /* JMCMessageBubble.h */ = {isa = PBXFileReference; fileEncoding = 4; lastKnownFileType = sourcecode.c.h; path = JMCMessageBubble.h; sourceTree = "<group>"; };
		D2F82F381462ED0E00CFDE4C /* JMCMessageBubble.m */ = {isa = PBXFileReference; fileEncoding = 4; lastKnownFileType = sourcecode.c.objc; path = JMCMessageBubble.m; sourceTree = "<group>"; };
		D2F82F391462ED0E00CFDE4C /* JMCMessageCell.h */ = {isa = PBXFileReference; fileEncoding = 4; lastKnownFileType = sourcecode.c.h; path = JMCMessageCell.h; sourceTree = "<group>"; };
		D2F82F3A1462ED0E00CFDE4C /* JMCMessageCell.m */ = {isa = PBXFileReference; fileEncoding = 4; lastKnownFileType = sourcecode.c.objc; path = JMCMessageCell.m; sourceTree = "<group>"; };
		D2F82F3B1462ED0E00CFDE4C /* JMCNotifier.h */ = {isa = PBXFileReference; fileEncoding = 4; lastKnownFileType = sourcecode.c.h; path = JMCNotifier.h; sourceTree = "<group>"; };
		D2F82F3C1462ED0E00CFDE4C /* JMCNotifier.m */ = {isa = PBXFileReference; fileEncoding = 4; lastKnownFileType = sourcecode.c.objc; path = JMCNotifier.m; sourceTree = "<group>"; };
		D2F82F3D1462ED0E00CFDE4C /* JMCRecorder.h */ = {isa = PBXFileReference; fileEncoding = 4; lastKnownFileType = sourcecode.c.h; path = JMCRecorder.h; sourceTree = "<group>"; };
		D2F82F3E1462ED0E00CFDE4C /* JMCRecorder.m */ = {isa = PBXFileReference; fileEncoding = 4; lastKnownFileType = sourcecode.c.objc; path = JMCRecorder.m; sourceTree = "<group>"; };
		D2F82F401462ED0E00CFDE4C /* JMCComment.h */ = {isa = PBXFileReference; fileEncoding = 4; lastKnownFileType = sourcecode.c.h; path = JMCComment.h; sourceTree = "<group>"; };
		D2F82F411462ED0E00CFDE4C /* JMCComment.m */ = {isa = PBXFileReference; fileEncoding = 4; lastKnownFileType = sourcecode.c.objc; path = JMCComment.m; sourceTree = "<group>"; };
		D2F82F421462ED0E00CFDE4C /* JMCIssue.h */ = {isa = PBXFileReference; fileEncoding = 4; lastKnownFileType = sourcecode.c.h; path = JMCIssue.h; sourceTree = "<group>"; };
		D2F82F431462ED0E00CFDE4C /* JMCIssue.m */ = {isa = PBXFileReference; fileEncoding = 4; lastKnownFileType = sourcecode.c.objc; path = JMCIssue.m; sourceTree = "<group>"; };
		D2F82F451462ED0E00CFDE4C /* JMCQueueItem.h */ = {isa = PBXFileReference; fileEncoding = 4; lastKnownFileType = sourcecode.c.h; path = JMCQueueItem.h; sourceTree = "<group>"; };
		D2F82F461462ED0E00CFDE4C /* JMCQueueItem.m */ = {isa = PBXFileReference; fileEncoding = 4; lastKnownFileType = sourcecode.c.objc; path = JMCQueueItem.m; sourceTree = "<group>"; };
		D2F82F471462ED0E00CFDE4C /* JMCRequestQueue.h */ = {isa = PBXFileReference; fileEncoding = 4; lastKnownFileType = sourcecode.c.h; path = JMCRequestQueue.h; sourceTree = "<group>"; };
		D2F82F481462ED0E00CFDE4C /* JMCRequestQueue.m */ = {isa = PBXFileReference; fileEncoding = 4; lastKnownFileType = sourcecode.c.objc; path = JMCRequestQueue.m; sourceTree = "<group>"; };
		D2F82F4A1462ED0E00CFDE4C /* JMCLine.h */ = {isa = PBXFileReference; fileEncoding = 4; lastKnownFileType = sourcecode.c.h; path = JMCLine.h; sourceTree = "<group>"; };
		D2F82F4B1462ED0E00CFDE4C /* JMCLine.m */ = {isa = PBXFileReference; fileEncoding = 4; lastKnownFileType = sourcecode.c.objc; path = JMCLine.m; sourceTree = "<group>"; };
		D2F82F4C1462ED0E00CFDE4C /* JMCSketch.h */ = {isa = PBXFileReference; fileEncoding = 4; lastKnownFileType = sourcecode.c.h; path = JMCSketch.h; sourceTree = "<group>"; };
		D2F82F4D1462ED0E00CFDE4C /* JMCSketch.m */ = {isa = PBXFileReference; fileEncoding = 4; lastKnownFileType = sourcecode.c.objc; path = JMCSketch.m; sourceTree = "<group>"; };
		D2F82F4E1462ED0E00CFDE4C /* JMCSketchContainerView.h */ = {isa = PBXFileReference; fileEncoding = 4; lastKnownFileType = sourcecode.c.h; path = JMCSketchContainerView.h; sourceTree = "<group>"; };
		D2F82F4F1462ED0E00CFDE4C /* JMCSketchContainerView.m */ = {isa = PBXFileReference; fileEncoding = 4; lastKnownFileType = sourcecode.c.objc; path = JMCSketchContainerView.m; sourceTree = "<group>"; };
		D2F82F501462ED0E00CFDE4C /* JMCSketchScrollView.h */ = {isa = PBXFileReference; fileEncoding = 4; lastKnownFileType = sourcecode.c.h; path = JMCSketchScrollView.h; sourceTree = "<group>"; };
		D2F82F511462ED0E00CFDE4C /* JMCSketchScrollView.m */ = {isa = PBXFileReference; fileEncoding = 4; lastKnownFileType = sourcecode.c.objc; path = JMCSketchScrollView.m; sourceTree = "<group>"; };
		D2F82F521462ED0E00CFDE4C /* JMCSketchView.h */ = {isa = PBXFileReference; fileEncoding = 4; lastKnownFileType = sourcecode.c.h; path = JMCSketchView.h; sourceTree = "<group>"; };
		D2F82F531462ED0E00CFDE4C /* JMCSketchView.m */ = {isa = PBXFileReference; fileEncoding = 4; lastKnownFileType = sourcecode.c.objc; path = JMCSketchView.m; sourceTree = "<group>"; };
		D2F82F541462ED0E00CFDE4C /* JMCSketchViewController.h */ = {isa = PBXFileReference; fileEncoding = 4; lastKnownFileType = sourcecode.c.h; path = JMCSketchViewController.h; sourceTree = "<group>"; };
		D2F82F551462ED0E00CFDE4C /* JMCSketchViewController.m */ = {isa = PBXFileReference; fileEncoding = 4; lastKnownFileType = sourcecode.c.objc; path = JMCSketchViewController.m; sourceTree = "<group>"; };
		D2F82F561462ED0E00CFDE4C /* JMCSketchViewController.xib */ = {isa = PBXFileReference; fileEncoding = 4; lastKnownFileType = file.xib; path = JMCSketchViewController.xib; sourceTree = "<group>"; };
		D2F82F571462ED0E00CFDE4C /* JMCSketchViewControllerDelegate.h */ = {isa = PBXFileReference; fileEncoding = 4; lastKnownFileType = sourcecode.c.h; path = JMCSketchViewControllerDelegate.h; sourceTree = "<group>"; };
		D2F82F591462ED0E00CFDE4C /* JMCCrashSender.h */ = {isa = PBXFileReference; fileEncoding = 4; lastKnownFileType = sourcecode.c.h; path = JMCCrashSender.h; sourceTree = "<group>"; };
		D2F82F5A1462ED0E00CFDE4C /* JMCCrashSender.m */ = {isa = PBXFileReference; fileEncoding = 4; lastKnownFileType = sourcecode.c.objc; path = JMCCrashSender.m; sourceTree = "<group>"; };
		D2F82F5B1462ED0E00CFDE4C /* JMCCrashTransport.h */ = {isa = PBXFileReference; fileEncoding = 4; lastKnownFileType = sourcecode.c.h; path = JMCCrashTransport.h; sourceTree = "<group>"; };
		D2F82F5C1462ED0E00CFDE4C /* JMCCrashTransport.m */ = {isa = PBXFileReference; fileEncoding = 4; lastKnownFileType = sourcecode.c.objc; path = JMCCrashTransport.m; sourceTree = "<group>"; };
		D2F82F5D1462ED0E00CFDE4C /* JMCCreateIssueDelegate.h */ = {isa = PBXFileReference; fileEncoding = 4; lastKnownFileType = sourcecode.c.h; path = JMCCreateIssueDelegate.h; sourceTree = "<group>"; };
		D2F82F5E1462ED0E00CFDE4C /* JMCCreateIssueDelegate.m */ = {isa = PBXFileReference; fileEncoding = 4; lastKnownFileType = sourcecode.c.objc; path = JMCCreateIssueDelegate.m; sourceTree = "<group>"; };
		D2F82F5F1462ED0E00CFDE4C /* JMCIssueTransport.h */ = {isa = PBXFileReference; fileEncoding = 4; lastKnownFileType = sourcecode.c.h; path = JMCIssueTransport.h; sourceTree = "<group>"; };
		D2F82F601462ED0E00CFDE4C /* JMCIssueTransport.m */ = {isa = PBXFileReference; fileEncoding = 4; lastKnownFileType = sourcecode.c.objc; path = JMCIssueTransport.m; sourceTree = "<group>"; };
		D2F82F611462ED0E00CFDE4C /* JMCPing.h */ = {isa = PBXFileReference; fileEncoding = 4; lastKnownFileType = sourcecode.c.h; path = JMCPing.h; sourceTree = "<group>"; };
		D2F82F621462ED0E00CFDE4C /* JMCPing.m */ = {isa = PBXFileReference; fileEncoding = 4; lastKnownFileType = sourcecode.c.objc; path = JMCPing.m; sourceTree = "<group>"; };
		D2F82F631462ED0E00CFDE4C /* JMCReplyDelegate.h */ = {isa = PBXFileReference; fileEncoding = 4; lastKnownFileType = sourcecode.c.h; path = JMCReplyDelegate.h; sourceTree = "<group>"; };
		D2F82F641462ED0E00CFDE4C /* JMCReplyDelegate.m */ = {isa = PBXFileReference; fileEncoding = 4; lastKnownFileType = sourcecode.c.objc; path = JMCReplyDelegate.m; sourceTree = "<group>"; };
		D2F82F651462ED0E00CFDE4C /* JMCReplyTransport.h */ = {isa = PBXFileReference; fileEncoding = 4; lastKnownFileType = sourcecode.c.h; path = JMCReplyTransport.h; sourceTree = "<group>"; };
		D2F82F661462ED0E00CFDE4C /* JMCReplyTransport.m */ = {isa = PBXFileReference; fileEncoding = 4; lastKnownFileType = sourcecode.c.objc; path = JMCReplyTransport.m; sourceTree = "<group>"; };
		D2F82F671462ED0E00CFDE4C /* JMCTransport.h */ = {isa = PBXFileReference; fileEncoding = 4; lastKnownFileType = sourcecode.c.h; path = JMCTransport.h; sourceTree = "<group>"; };
		D2F82F681462ED0E00CFDE4C /* JMCTransport.m */ = {isa = PBXFileReference; fileEncoding = 4; lastKnownFileType = sourcecode.c.objc; path = JMCTransport.m; sourceTree = "<group>"; };
		D2F82F6A1462ED0F00CFDE4C /* JMCToolbarButton.h */ = {isa = PBXFileReference; fileEncoding = 4; lastKnownFileType = sourcecode.c.h; path = JMCToolbarButton.h; sourceTree = "<group>"; };
		D2F82F6B1462ED0F00CFDE4C /* JMCToolbarButton.m */ = {isa = PBXFileReference; fileEncoding = 4; lastKnownFileType = sourcecode.c.objc; path = JMCToolbarButton.m; sourceTree = "<group>"; };
		D2F82F6C1462ED0F00CFDE4C /* UILabel+VerticalAlign.h */ = {isa = PBXFileReference; fileEncoding = 4; lastKnownFileType = sourcecode.c.h; path = "UILabel+VerticalAlign.h"; sourceTree = "<group>"; };
		D2F82F6D1462ED0F00CFDE4C /* UILabel+VerticalAlign.m */ = {isa = PBXFileReference; fileEncoding = 4; lastKnownFileType = sourcecode.c.objc; path = "UILabel+VerticalAlign.m"; sourceTree = "<group>"; };
		D2F82F6E1462ED0F00CFDE4C /* UIView+Additions.h */ = {isa = PBXFileReference; fileEncoding = 4; lastKnownFileType = sourcecode.c.h; path = "UIView+Additions.h"; sourceTree = "<group>"; };
		D2F82F6F1462ED0F00CFDE4C /* UIView+Additions.m */ = {isa = PBXFileReference; fileEncoding = 4; lastKnownFileType = sourcecode.c.objc; path = "UIView+Additions.m"; sourceTree = "<group>"; };
		D2F82F701462ED0F00CFDE4C /* JMC.h */ = {isa = PBXFileReference; fileEncoding = 4; lastKnownFileType = sourcecode.c.h; path = JMC.h; sourceTree = "<group>"; };
		D2F82F711462ED0F00CFDE4C /* JMC.m */ = {isa = PBXFileReference; fileEncoding = 4; lastKnownFileType = sourcecode.c.objc; path = JMC.m; sourceTree = "<group>"; };
		D2F82F721462ED0F00CFDE4C /* JMCAttachmentItem.h */ = {isa = PBXFileReference; fileEncoding = 4; lastKnownFileType = sourcecode.c.h; path = JMCAttachmentItem.h; sourceTree = "<group>"; };
		D2F82F731462ED0F00CFDE4C /* JMCAttachmentItem.m */ = {isa = PBXFileReference; fileEncoding = 4; lastKnownFileType = sourcecode.c.objc; path = JMCAttachmentItem.m; sourceTree = "<group>"; };
		D2F82F741462ED0F00CFDE4C /* JMCCustomDataSource.h */ = {isa = PBXFileReference; fileEncoding = 4; lastKnownFileType = sourcecode.c.h; path = JMCCustomDataSource.h; sourceTree = "<group>"; };
		D2F82F751462ED0F00CFDE4C /* JMCMacros.h */ = {isa = PBXFileReference; fileEncoding = 4; lastKnownFileType = sourcecode.c.h; path = JMCMacros.h; sourceTree = "<group>"; };
		D2F82F761462ED0F00CFDE4C /* JMCViewController.h */ = {isa = PBXFileReference; fileEncoding = 4; lastKnownFileType = sourcecode.c.h; path = JMCViewController.h; sourceTree = "<group>"; };
		D2F82F771462ED0F00CFDE4C /* JMCViewController.m */ = {isa = PBXFileReference; fileEncoding = 4; lastKnownFileType = sourcecode.c.objc; path = JMCViewController.m; sourceTree = "<group>"; };
		D2F82F781462ED0F00CFDE4C /* JMCViewController.xib */ = {isa = PBXFileReference; fileEncoding = 4; lastKnownFileType = file.xib; path = JMCViewController.xib; sourceTree = "<group>"; };
		D2F82F7B1462ED0F00CFDE4C /* ASIAuthenticationDialog.h */ = {isa = PBXFileReference; fileEncoding = 4; lastKnownFileType = sourcecode.c.h; path = ASIAuthenticationDialog.h; sourceTree = "<group>"; };
		D2F82F7C1462ED0F00CFDE4C /* ASIAuthenticationDialog.m */ = {isa = PBXFileReference; fileEncoding = 4; lastKnownFileType = sourcecode.c.objc; path = ASIAuthenticationDialog.m; sourceTree = "<group>"; };
		D2F82F7D1462ED0F00CFDE4C /* ASICacheDelegate.h */ = {isa = PBXFileReference; fileEncoding = 4; lastKnownFileType = sourcecode.c.h; path = ASICacheDelegate.h; sourceTree = "<group>"; };
		D2F82F7E1462ED0F00CFDE4C /* ASIDataCompressor.h */ = {isa = PBXFileReference; fileEncoding = 4; lastKnownFileType = sourcecode.c.h; path = ASIDataCompressor.h; sourceTree = "<group>"; };
		D2F82F7F1462ED0F00CFDE4C /* ASIDataCompressor.m */ = {isa = PBXFileReference; fileEncoding = 4; lastKnownFileType = sourcecode.c.objc; path = ASIDataCompressor.m; sourceTree = "<group>"; };
		D2F82F801462ED0F00CFDE4C /* ASIDataDecompressor.h */ = {isa = PBXFileReference; fileEncoding = 4; lastKnownFileType = sourcecode.c.h; path = ASIDataDecompressor.h; sourceTree = "<group>"; };
		D2F82F811462ED0F00CFDE4C /* ASIDataDecompressor.m */ = {isa = PBXFileReference; fileEncoding = 4; lastKnownFileType = sourcecode.c.objc; path = ASIDataDecompressor.m; sourceTree = "<group>"; };
		D2F82F821462ED0F00CFDE4C /* ASIDownloadCache.h */ = {isa = PBXFileReference; fileEncoding = 4; lastKnownFileType = sourcecode.c.h; path = ASIDownloadCache.h; sourceTree = "<group>"; };
		D2F82F831462ED0F00CFDE4C /* ASIDownloadCache.m */ = {isa = PBXFileReference; fileEncoding = 4; lastKnownFileType = sourcecode.c.objc; path = ASIDownloadCache.m; sourceTree = "<group>"; };
		D2F82F841462ED0F00CFDE4C /* ASIFormDataRequest.h */ = {isa = PBXFileReference; fileEncoding = 4; lastKnownFileType = sourcecode.c.h; path = ASIFormDataRequest.h; sourceTree = "<group>"; };
		D2F82F851462ED0F00CFDE4C /* ASIFormDataRequest.m */ = {isa = PBXFileReference; fileEncoding = 4; lastKnownFileType = sourcecode.c.objc; path = ASIFormDataRequest.m; sourceTree = "<group>"; };
		D2F82F861462ED0F00CFDE4C /* ASIHTTPRequest.h */ = {isa = PBXFileReference; fileEncoding = 4; lastKnownFileType = sourcecode.c.h; path = ASIHTTPRequest.h; sourceTree = "<group>"; };
		D2F82F871462ED0F00CFDE4C /* ASIHTTPRequest.m */ = {isa = PBXFileReference; fileEncoding = 4; lastKnownFileType = sourcecode.c.objc; path = ASIHTTPRequest.m; sourceTree = "<group>"; };
		D2F82F881462ED0F00CFDE4C /* ASIHTTPRequestConfig.h */ = {isa = PBXFileReference; fileEncoding = 4; lastKnownFileType = sourcecode.c.h; path = ASIHTTPRequestConfig.h; sourceTree = "<group>"; };
		D2F82F891462ED0F00CFDE4C /* ASIHTTPRequestDelegate.h */ = {isa = PBXFileReference; fileEncoding = 4; lastKnownFileType = sourcecode.c.h; path = ASIHTTPRequestDelegate.h; sourceTree = "<group>"; };
		D2F82F8A1462ED0F00CFDE4C /* ASIInputStream.h */ = {isa = PBXFileReference; fileEncoding = 4; lastKnownFileType = sourcecode.c.h; path = ASIInputStream.h; sourceTree = "<group>"; };
		D2F82F8B1462ED0F00CFDE4C /* ASIInputStream.m */ = {isa = PBXFileReference; fileEncoding = 4; lastKnownFileType = sourcecode.c.objc; path = ASIInputStream.m; sourceTree = "<group>"; };
		D2F82F8C1462ED0F00CFDE4C /* ASINetworkQueue.h */ = {isa = PBXFileReference; fileEncoding = 4; lastKnownFileType = sourcecode.c.h; path = ASINetworkQueue.h; sourceTree = "<group>"; };
		D2F82F8D1462ED0F00CFDE4C /* ASINetworkQueue.m */ = {isa = PBXFileReference; fileEncoding = 4; lastKnownFileType = sourcecode.c.objc; path = ASINetworkQueue.m; sourceTree = "<group>"; };
		D2F82F8E1462ED0F00CFDE4C /* ASIProgressDelegate.h */ = {isa = PBXFileReference; fileEncoding = 4; lastKnownFileType = sourcecode.c.h; path = ASIProgressDelegate.h; sourceTree = "<group>"; };
		D2F82F8F1462ED0F00CFDE4C /* CrashReporter.framework */ = {isa = PBXFileReference; lastKnownFileType = wrapper.framework; path = CrashReporter.framework; sourceTree = "<group>"; };
		D2F82F911462ED0F00CFDE4C /* CONTRIBUTORS.txt */ = {isa = PBXFileReference; fileEncoding = 4; lastKnownFileType = text; path = CONTRIBUTORS.txt; sourceTree = "<group>"; };
		D2F82F921462ED0F00CFDE4C /* LICENSE.txt */ = {isa = PBXFileReference; fileEncoding = 4; lastKnownFileType = text; path = LICENSE.txt; sourceTree = "<group>"; };
		D2F82F941462ED0F00CFDE4C /* FMDatabase.h */ = {isa = PBXFileReference; fileEncoding = 4; lastKnownFileType = sourcecode.c.h; path = FMDatabase.h; sourceTree = "<group>"; };
		D2F82F951462ED0F00CFDE4C /* FMDatabase.m */ = {isa = PBXFileReference; fileEncoding = 4; lastKnownFileType = sourcecode.c.objc; path = FMDatabase.m; sourceTree = "<group>"; };
		D2F82F961462ED0F00CFDE4C /* FMDatabaseAdditions.h */ = {isa = PBXFileReference; fileEncoding = 4; lastKnownFileType = sourcecode.c.h; path = FMDatabaseAdditions.h; sourceTree = "<group>"; };
		D2F82F971462ED0F00CFDE4C /* FMDatabaseAdditions.m */ = {isa = PBXFileReference; fileEncoding = 4; lastKnownFileType = sourcecode.c.objc; path = FMDatabaseAdditions.m; sourceTree = "<group>"; };
		D2F82F981462ED0F00CFDE4C /* FMResultSet.h */ = {isa = PBXFileReference; fileEncoding = 4; lastKnownFileType = sourcecode.c.h; path = FMResultSet.h; sourceTree = "<group>"; };
		D2F82F991462ED0F00CFDE4C /* FMResultSet.m */ = {isa = PBXFileReference; fileEncoding = 4; lastKnownFileType = sourcecode.c.objc; path = FMResultSet.m; sourceTree = "<group>"; };
		D2F82F9B1462ED0F00CFDE4C /* JSON.h */ = {isa = PBXFileReference; fileEncoding = 4; lastKnownFileType = sourcecode.c.h; path = JSON.h; sourceTree = "<group>"; };
		D2F82F9C1462ED0F00CFDE4C /* NSObject+SBJSON.h */ = {isa = PBXFileReference; fileEncoding = 4; lastKnownFileType = sourcecode.c.h; path = "NSObject+SBJSON.h"; sourceTree = "<group>"; };
		D2F82F9D1462ED0F00CFDE4C /* NSObject+SBJSON.m */ = {isa = PBXFileReference; fileEncoding = 4; lastKnownFileType = sourcecode.c.objc; path = "NSObject+SBJSON.m"; sourceTree = "<group>"; };
		D2F82F9E1462ED0F00CFDE4C /* NSString+SBJSON.h */ = {isa = PBXFileReference; fileEncoding = 4; lastKnownFileType = sourcecode.c.h; path = "NSString+SBJSON.h"; sourceTree = "<group>"; };
		D2F82F9F1462ED0F00CFDE4C /* NSString+SBJSON.m */ = {isa = PBXFileReference; fileEncoding = 4; lastKnownFileType = sourcecode.c.objc; path = "NSString+SBJSON.m"; sourceTree = "<group>"; };
		D2F82FA01462ED0F00CFDE4C /* SBJsonBase.h */ = {isa = PBXFileReference; fileEncoding = 4; lastKnownFileType = sourcecode.c.h; path = SBJsonBase.h; sourceTree = "<group>"; };
		D2F82FA11462ED0F00CFDE4C /* SBJsonBase.m */ = {isa = PBXFileReference; fileEncoding = 4; lastKnownFileType = sourcecode.c.objc; path = SBJsonBase.m; sourceTree = "<group>"; };
		D2F82FA21462ED0F00CFDE4C /* SBJsonParser.h */ = {isa = PBXFileReference; fileEncoding = 4; lastKnownFileType = sourcecode.c.h; path = SBJsonParser.h; sourceTree = "<group>"; };
		D2F82FA31462ED0F00CFDE4C /* SBJsonParser.m */ = {isa = PBXFileReference; fileEncoding = 4; lastKnownFileType = sourcecode.c.objc; path = SBJsonParser.m; sourceTree = "<group>"; };
		D2F82FA41462ED0F00CFDE4C /* SBJsonWriter.h */ = {isa = PBXFileReference; fileEncoding = 4; lastKnownFileType = sourcecode.c.h; path = SBJsonWriter.h; sourceTree = "<group>"; };
		D2F82FA51462ED0F00CFDE4C /* SBJsonWriter.m */ = {isa = PBXFileReference; fileEncoding = 4; lastKnownFileType = sourcecode.c.objc; path = SBJsonWriter.m; sourceTree = "<group>"; };
		D2F82FA71462ED0F00CFDE4C /* ASI-HTTP-REQUEST.txt */ = {isa = PBXFileReference; fileEncoding = 4; lastKnownFileType = text; path = "ASI-HTTP-REQUEST.txt"; sourceTree = "<group>"; };
		D2F82FA81462ED0F00CFDE4C /* CR-ACTIVITY-VIEW.txt */ = {isa = PBXFileReference; fileEncoding = 4; lastKnownFileType = text; path = "CR-ACTIVITY-VIEW.txt"; sourceTree = "<group>"; };
		D2F82FA91462ED0F00CFDE4C /* FMDB.txt */ = {isa = PBXFileReference; fileEncoding = 4; lastKnownFileType = text; path = FMDB.txt; sourceTree = "<group>"; };
		D2F82FAA1462ED0F00CFDE4C /* JSON.txt */ = {isa = PBXFileReference; fileEncoding = 4; lastKnownFileType = text; path = JSON.txt; sourceTree = "<group>"; };
		D2F82FAB1462ED0F00CFDE4C /* PL-CRASH-REPORTER.txt */ = {isa = PBXFileReference; fileEncoding = 4; lastKnownFileType = text; path = "PL-CRASH-REPORTER.txt"; sourceTree = "<group>"; };
		D2F82FAC1462ED0F00CFDE4C /* UI-IMAGE-CATEGORIES.txt */ = {isa = PBXFileReference; fileEncoding = 4; lastKnownFileType = text; path = "UI-IMAGE-CATEGORIES.txt"; sourceTree = "<group>"; };
		D2F82FAE1462ED0F00CFDE4C /* Reachability.h */ = {isa = PBXFileReference; fileEncoding = 4; lastKnownFileType = sourcecode.c.h; path = Reachability.h; sourceTree = "<group>"; };
		D2F82FAF1462ED0F00CFDE4C /* Reachability.m */ = {isa = PBXFileReference; fileEncoding = 4; lastKnownFileType = sourcecode.c.objc; path = Reachability.m; sourceTree = "<group>"; };
		D2F82FB11462ED0F00CFDE4C /* UIImage+Alpha.h */ = {isa = PBXFileReference; fileEncoding = 4; lastKnownFileType = sourcecode.c.h; path = "UIImage+Alpha.h"; sourceTree = "<group>"; };
		D2F82FB21462ED0F00CFDE4C /* UIImage+Alpha.m */ = {isa = PBXFileReference; fileEncoding = 4; lastKnownFileType = sourcecode.c.objc; path = "UIImage+Alpha.m"; sourceTree = "<group>"; };
		D2F82FB31462ED0F00CFDE4C /* UIImage+Resize.h */ = {isa = PBXFileReference; fileEncoding = 4; lastKnownFileType = sourcecode.c.h; path = "UIImage+Resize.h"; sourceTree = "<group>"; };
		D2F82FB41462ED0F00CFDE4C /* UIImage+Resize.m */ = {isa = PBXFileReference; fileEncoding = 4; lastKnownFileType = sourcecode.c.objc; path = "UIImage+Resize.m"; sourceTree = "<group>"; };
		D2F82FB51462ED0F00CFDE4C /* UIImage+RoundedCorner.h */ = {isa = PBXFileReference; fileEncoding = 4; lastKnownFileType = sourcecode.c.h; path = "UIImage+RoundedCorner.h"; sourceTree = "<group>"; };
		D2F82FB61462ED0F00CFDE4C /* UIImage+RoundedCorner.m */ = {isa = PBXFileReference; fileEncoding = 4; lastKnownFileType = sourcecode.c.objc; path = "UIImage+RoundedCorner.m"; sourceTree = "<group>"; };
		D2F82FB81462ED0F00CFDE4C /* Balloon_1.png */ = {isa = PBXFileReference; lastKnownFileType = image.png; path = Balloon_1.png; sourceTree = "<group>"; };
		D2F82FB91462ED0F00CFDE4C /* Balloon_2.png */ = {isa = PBXFileReference; lastKnownFileType = image.png; path = Balloon_2.png; sourceTree = "<group>"; };
		D2F82FBA1462ED0F00CFDE4C /* bluedot.png */ = {isa = PBXFileReference; lastKnownFileType = image.png; path = bluedot.png; sourceTree = "<group>"; };
		D2F82FBB1462ED0F00CFDE4C /* button_base.png */ = {isa = PBXFileReference; lastKnownFileType = image.png; path = button_base.png; sourceTree = "<group>"; };
		D2F82FBC1462ED0F00CFDE4C /* button_base@2x.png */ = {isa = PBXFileReference; lastKnownFileType = image.png; path = "button_base@2x.png"; sourceTree = "<group>"; };
		D2F82FBD1462ED0F00CFDE4C /* cancel.png */ = {isa = PBXFileReference; lastKnownFileType = image.png; path = cancel.png; sourceTree = "<group>"; };
		D2F82FBF1462ED0F00CFDE4C /* de */ = {isa = PBXFileReference; lastKnownFileType = text.plist.strings; name = de; path = de.lproj/JMCLocalizable.strings; sourceTree = "<group>"; };
		D2F82FC01462ED0F00CFDE4C /* en */ = {isa = PBXFileReference; lastKnownFileType = text.plist.strings; name = en; path = en.lproj/JMCLocalizable.strings; sourceTree = "<group>"; };
		D2F82FC11462ED0F00CFDE4C /* icon_capture.png */ = {isa = PBXFileReference; lastKnownFileType = image.png; path = icon_capture.png; sourceTree = "<group>"; };
		D2F82FC21462ED0F00CFDE4C /* icon_capture@2x.png */ = {isa = PBXFileReference; lastKnownFileType = image.png; path = "icon_capture@2x.png"; sourceTree = "<group>"; };
		D2F82FC31462ED0F00CFDE4C /* icon_record.png */ = {isa = PBXFileReference; lastKnownFileType = image.png; path = icon_record.png; sourceTree = "<group>"; };
		D2F82FC41462ED0F00CFDE4C /* icon_record@2x.png */ = {isa = PBXFileReference; lastKnownFileType = image.png; path = "icon_record@2x.png"; sourceTree = "<group>"; };
		D2F82FC51462ED0F00CFDE4C /* icon_record_1.png */ = {isa = PBXFileReference; lastKnownFileType = image.png; path = icon_record_1.png; sourceTree = "<group>"; };
		D2F82FC61462ED0F00CFDE4C /* icon_record_1@2x.png */ = {isa = PBXFileReference; lastKnownFileType = image.png; path = "icon_record_1@2x.png"; sourceTree = "<group>"; };
		D2F82FC71462ED0F00CFDE4C /* icon_record_2.png */ = {isa = PBXFileReference; lastKnownFileType = image.png; path = icon_record_2.png; sourceTree = "<group>"; };
		D2F82FC81462ED0F00CFDE4C /* icon_record_2@2x.png */ = {isa = PBXFileReference; lastKnownFileType = image.png; path = "icon_record_2@2x.png"; sourceTree = "<group>"; };
		D2F82FC91462ED0F00CFDE4C /* icon_record_3.png */ = {isa = PBXFileReference; lastKnownFileType = image.png; path = icon_record_3.png; sourceTree = "<group>"; };
		D2F82FCA1462ED0F00CFDE4C /* icon_record_3@2x.png */ = {isa = PBXFileReference; lastKnownFileType = image.png; path = "icon_record_3@2x.png"; sourceTree = "<group>"; };
		D2F82FCB1462ED0F00CFDE4C /* icon_record_4.png */ = {isa = PBXFileReference; lastKnownFileType = image.png; path = icon_record_4.png; sourceTree = "<group>"; };
		D2F82FCC1462ED0F00CFDE4C /* icon_record_4@2x.png */ = {isa = PBXFileReference; lastKnownFileType = image.png; path = "icon_record_4@2x.png"; sourceTree = "<group>"; };
		D2F82FCD1462ED0F00CFDE4C /* icon_record_5.png */ = {isa = PBXFileReference; lastKnownFileType = image.png; path = icon_record_5.png; sourceTree = "<group>"; };
		D2F82FCE1462ED0F00CFDE4C /* icon_record_5@2x.png */ = {isa = PBXFileReference; lastKnownFileType = image.png; path = "icon_record_5@2x.png"; sourceTree = "<group>"; };
		D2F82FCF1462ED0F00CFDE4C /* icon_record_6.png */ = {isa = PBXFileReference; lastKnownFileType = image.png; path = icon_record_6.png; sourceTree = "<group>"; };
		D2F82FD01462ED0F00CFDE4C /* icon_record_6@2x.png */ = {isa = PBXFileReference; lastKnownFileType = image.png; path = "icon_record_6@2x.png"; sourceTree = "<group>"; };
		D2F82FD11462ED0F00CFDE4C /* icon_record_7.png */ = {isa = PBXFileReference; lastKnownFileType = image.png; path = icon_record_7.png; sourceTree = "<group>"; };
		D2F82FD21462ED0F00CFDE4C /* icon_record_7@2x.png */ = {isa = PBXFileReference; lastKnownFileType = image.png; path = "icon_record_7@2x.png"; sourceTree = "<group>"; };
		D2F82FD31462ED0F00CFDE4C /* icon_record_8.png */ = {isa = PBXFileReference; lastKnownFileType = image.png; path = icon_record_8.png; sourceTree = "<group>"; };
		D2F82FD41462ED0F00CFDE4C /* icon_record_8@2x.png */ = {isa = PBXFileReference; lastKnownFileType = image.png; path = "icon_record_8@2x.png"; sourceTree = "<group>"; };
		D2F82FD51462ED0F00CFDE4C /* icon_record_active.png */ = {isa = PBXFileReference; lastKnownFileType = image.png; path = icon_record_active.png; sourceTree = "<group>"; };
		D2F82FD61462ED0F00CFDE4C /* icon_record_active@2x.png */ = {isa = PBXFileReference; lastKnownFileType = image.png; path = "icon_record_active@2x.png"; sourceTree = "<group>"; };
		D2F82FD71462ED0F00CFDE4C /* icon_record_pulse.png */ = {isa = PBXFileReference; lastKnownFileType = image.png; path = icon_record_pulse.png; sourceTree = "<group>"; };
		D2F82FD81462ED0F00CFDE4C /* icon_record_pulse@2x.png */ = {isa = PBXFileReference; lastKnownFileType = image.png; path = "icon_record_pulse@2x.png"; sourceTree = "<group>"; };
		D2F82FD91462ED0F00CFDE4C /* megaphone.png */ = {isa = PBXFileReference; lastKnownFileType = image.png; path = megaphone.png; sourceTree = "<group>"; };
		D2F82FDA1462ED0F00CFDE4C /* megaphone@2x.png */ = {isa = PBXFileReference; lastKnownFileType = image.png; path = "megaphone@2x.png"; sourceTree = "<group>"; };
		D2F82FDB1462ED0F00CFDE4C /* notsent.png */ = {isa = PBXFileReference; lastKnownFileType = image.png; path = notsent.png; sourceTree = "<group>"; };
		D2F82FDC1462ED0F00CFDE4C /* notsent@2x.png */ = {isa = PBXFileReference; lastKnownFileType = image.png; path = "notsent@2x.png"; sourceTree = "<group>"; };
		D2F830431462ED5200CFDE4C /* libz.dylib */ = {isa = PBXFileReference; lastKnownFileType = "compiled.mach-o.dylib"; name = libz.dylib; path = usr/lib/libz.dylib; sourceTree = SDKROOT; };
		D2F830451462ED6400CFDE4C /* libsqlite3.dylib */ = {isa = PBXFileReference; lastKnownFileType = "compiled.mach-o.dylib"; name = libsqlite3.dylib; path = usr/lib/libsqlite3.dylib; sourceTree = SDKROOT; };
		D2F830471462ED7C00CFDE4C /* CFNetwork.framework */ = {isa = PBXFileReference; lastKnownFileType = wrapper.framework; name = CFNetwork.framework; path = System/Library/Frameworks/CFNetwork.framework; sourceTree = SDKROOT; };
		D2F830491462ED9D00CFDE4C /* SystemConfiguration.framework */ = {isa = PBXFileReference; lastKnownFileType = wrapper.framework; name = SystemConfiguration.framework; path = System/Library/Frameworks/SystemConfiguration.framework; sourceTree = SDKROOT; };
		D2F8304B1462EDA800CFDE4C /* MobileCoreServices.framework */ = {isa = PBXFileReference; lastKnownFileType = wrapper.framework; name = MobileCoreServices.framework; path = System/Library/Frameworks/MobileCoreServices.framework; sourceTree = SDKROOT; };
		D2F8304D1462EDBE00CFDE4C /* CoreLocation.framework */ = {isa = PBXFileReference; lastKnownFileType = wrapper.framework; name = CoreLocation.framework; path = System/Library/Frameworks/CoreLocation.framework; sourceTree = SDKROOT; };
/* End PBXFileReference section */

/* Begin PBXFrameworksBuildPhase section */
		D245859813865AB900B0881A /* Frameworks */ = {
			isa = PBXFrameworksBuildPhase;
			buildActionMask = 2147483647;
			files = (
				D2F8304E1462EDBE00CFDE4C /* CoreLocation.framework in Frameworks */,
				D2F8304C1462EDA800CFDE4C /* MobileCoreServices.framework in Frameworks */,
				D2F8304A1462ED9D00CFDE4C /* SystemConfiguration.framework in Frameworks */,
				D2F830481462ED7C00CFDE4C /* CFNetwork.framework in Frameworks */,
				D2F830461462ED6400CFDE4C /* libsqlite3.dylib in Frameworks */,
				D2F830441462ED5200CFDE4C /* libz.dylib in Frameworks */,
				D24586111386A3B500B0881A /* QuartzCore.framework in Frameworks */,
				D24585EF13867C3700B0881A /* MessageUI.framework in Frameworks */,
				D24585C313865CD200B0881A /* CoreVideo.framework in Frameworks */,
				D24585C113865CCE00B0881A /* CoreMedia.framework in Frameworks */,
				D24585BF13865CC700B0881A /* CoreAudio.framework in Frameworks */,
				D24585BD13865CBF00B0881A /* AVFoundation.framework in Frameworks */,
				D24585A013865AB900B0881A /* UIKit.framework in Frameworks */,
				D24585A213865AB900B0881A /* Foundation.framework in Frameworks */,
				D24585A413865AB900B0881A /* CoreGraphics.framework in Frameworks */,
				D2F8300A1462ED0F00CFDE4C /* CrashReporter.framework in Frameworks */,
			);
			runOnlyForDeploymentPostprocessing = 0;
		};
/* End PBXFrameworksBuildPhase section */

/* Begin PBXGroup section */
		D245859013865AB900B0881A = {
			isa = PBXGroup;
			children = (
				D2F8304D1462EDBE00CFDE4C /* CoreLocation.framework */,
				D2F8304B1462EDA800CFDE4C /* MobileCoreServices.framework */,
				D2F830491462ED9D00CFDE4C /* SystemConfiguration.framework */,
				D2F830471462ED7C00CFDE4C /* CFNetwork.framework */,
				D2F830451462ED6400CFDE4C /* libsqlite3.dylib */,
				D2F830431462ED5200CFDE4C /* libz.dylib */,
				D2F82F271462ED0E00CFDE4C /* JMCClasses */,
				D24585A513865AB900B0881A /* One minute */,
				D245859E13865AB900B0881A /* Frameworks */,
				D245859C13865AB900B0881A /* Products */,
			);
			sourceTree = "<group>";
		};
		D245859C13865AB900B0881A /* Products */ = {
			isa = PBXGroup;
			children = (
				D245859B13865AB900B0881A /* One minute.app */,
			);
			name = Products;
			sourceTree = "<group>";
		};
		D245859E13865AB900B0881A /* Frameworks */ = {
			isa = PBXGroup;
			children = (
				D24586101386A3B500B0881A /* QuartzCore.framework */,
				D24585EE13867C3700B0881A /* MessageUI.framework */,
				D24585C213865CD200B0881A /* CoreVideo.framework */,
				D24585C013865CCE00B0881A /* CoreMedia.framework */,
				D24585BE13865CC700B0881A /* CoreAudio.framework */,
				D24585BC13865CBF00B0881A /* AVFoundation.framework */,
				D245859F13865AB900B0881A /* UIKit.framework */,
				D24585A113865AB900B0881A /* Foundation.framework */,
				D24585A313865AB900B0881A /* CoreGraphics.framework */,
			);
			name = Frameworks;
			sourceTree = "<group>";
		};
		D24585A513865AB900B0881A /* One minute */ = {
			isa = PBXGroup;
			children = (
				D24585AE13865AB900B0881A /* One_minuteAppDelegate.h */,
				D24585AF13865ABA00B0881A /* One_minuteAppDelegate.m */,
				D2E953661387AD460083CFA4 /* MainMenuController.h */,
				D2E953671387AD460083CFA4 /* MainMenuController.m */,
				D24585B913865AFF00B0881A /* CameraController.h */,
				D24585BA13865AFF00B0881A /* CameraController.m */,
				D24585C413865FD100B0881A /* EncoderImagesToMovie.h */,
				D24585C513865FD100B0881A /* EncoderImagesToMovie.m */,
				D2C33DD413A4D0E30015F5ED /* Custom Objects */,
				D2D62A8B138828C10097530E /* WorkSpace */,
				D2E9535F1387A94E0083CFA4 /* Resources */,
				D24585E91386748D00B0881A /* Utils */,
				D24585A613865AB900B0881A /* Supporting Files */,
			);
			path = "One minute";
			sourceTree = "<group>";
		};
		D24585A613865AB900B0881A /* Supporting Files */ = {
			isa = PBXGroup;
			children = (
				D24585A713865AB900B0881A /* One minute-Info.plist */,
				D24585A813865AB900B0881A /* InfoPlist.strings */,
				D24585AB13865AB900B0881A /* One minute-Prefix.pch */,
				D24585AC13865AB900B0881A /* main.m */,
			);
			name = "Supporting Files";
			sourceTree = "<group>";
		};
		D24585E91386748D00B0881A /* Utils */ = {
			isa = PBXGroup;
			children = (
				D24585EA1386748D00B0881A /* Utils.h */,
				D24585EB1386748D00B0881A /* Utils.m */,
			);
			path = Utils;
			sourceTree = "<group>";
		};
		D2C33DD413A4D0E30015F5ED /* Custom Objects */ = {
			isa = PBXGroup;
			children = (
				D2C33DD713A4D1030015F5ED /* RedGradientButton.h */,
				D2C33DD613A4D1030015F5ED /* RedGradientButton.m */,
				D2C33DD913A4D1030015F5ED /* BlueGradientButton.h */,
				D2C33DD813A4D1030015F5ED /* BlueGradientButton.m */,
				D2C33DDA13A4D1030015F5ED /* AbstractGradientButton.h */,
				D2C33DDB13A4D1030015F5ED /* AbstractGradientButton.m */,
			);
			name = "Custom Objects";
			sourceTree = "<group>";
		};
		D2D62A8B138828C10097530E /* WorkSpace */ = {
			isa = PBXGroup;
			children = (
				D2D62A9013882A600097530E /* WorkspacesController.h */,
				D2D62A8F13882A600097530E /* WorkspacesController.m */,
				D2D62A9413882A600097530E /* WorkspacesController.xib */,
				D2D62A9313882A600097530E /* WorkspaceFileListViewer.h */,
				D2D62A9513882A600097530E /* WorkspaceFileListViewer.m */,
				D2D62A8C13882A390097530E /* WorkspaceItem.h */,
				D2D62A8D13882A390097530E /* WorkspaceItem.m */,
			);
			name = WorkSpace;
			sourceTree = "<group>";
		};
		D2E9535F1387A94E0083CFA4 /* Resources */ = {
			isa = PBXGroup;
			children = (
				D24585B113865ABA00B0881A /* MainWindow.xib */,
				D2E953681387AD460083CFA4 /* MainMenuController.xib */,
				D24585CF1386679300B0881A /* CameraController.xib */,
				D24585C613865FD100B0881A /* EncoderImagesToMovie.xib */,
				D2E953631387A9AC0083CFA4 /* WorkspaceFileListViewer.xib */,
			);
			name = Resources;
			sourceTree = "<group>";
		};
		D2F82F271462ED0E00CFDE4C /* JMCClasses */ = {
			isa = PBXGroup;
			children = (
				D2F82F281462ED0E00CFDE4C /* Core */,
				D2F82F701462ED0F00CFDE4C /* JMC.h */,
				D2F82F711462ED0F00CFDE4C /* JMC.m */,
				D2F82F721462ED0F00CFDE4C /* JMCAttachmentItem.h */,
				D2F82F731462ED0F00CFDE4C /* JMCAttachmentItem.m */,
				D2F82F741462ED0F00CFDE4C /* JMCCustomDataSource.h */,
				D2F82F751462ED0F00CFDE4C /* JMCMacros.h */,
				D2F82F761462ED0F00CFDE4C /* JMCViewController.h */,
				D2F82F771462ED0F00CFDE4C /* JMCViewController.m */,
				D2F82F781462ED0F00CFDE4C /* JMCViewController.xib */,
				D2F82F791462ED0F00CFDE4C /* Libraries */,
				D2F82FB71462ED0F00CFDE4C /* Resources */,
			);
			path = JMCClasses;
			sourceTree = "<group>";
		};
		D2F82F281462ED0E00CFDE4C /* Core */ = {
			isa = PBXGroup;
			children = (
				D2F82F291462ED0E00CFDE4C /* CrashReporter */,
				D2F82F2C1462ED0E00CFDE4C /* inbox */,
				D2F82F3D1462ED0E00CFDE4C /* JMCRecorder.h */,
				D2F82F3E1462ED0E00CFDE4C /* JMCRecorder.m */,
				D2F82F3F1462ED0E00CFDE4C /* model */,
				D2F82F441462ED0E00CFDE4C /* queue */,
				D2F82F491462ED0E00CFDE4C /* sketch */,
				D2F82F581462ED0E00CFDE4C /* transport */,
				D2F82F691462ED0F00CFDE4C /* views */,
			);
			path = Core;
			sourceTree = "<group>";
		};
		D2F82F291462ED0E00CFDE4C /* CrashReporter */ = {
			isa = PBXGroup;
			children = (
				D2F82F2A1462ED0E00CFDE4C /* CrashReporter.h */,
				D2F82F2B1462ED0E00CFDE4C /* CrashReporter.m */,
			);
			path = CrashReporter;
			sourceTree = "<group>";
		};
		D2F82F2C1462ED0E00CFDE4C /* inbox */ = {
			isa = PBXGroup;
			children = (
				D2F82F2D1462ED0E00CFDE4C /* JMCIssuePreviewCell.h */,
				D2F82F2E1462ED0E00CFDE4C /* JMCIssuePreviewCell.m */,
				D2F82F2F1462ED0E00CFDE4C /* JMCIssuePreviewCell.xib */,
				D2F82F301462ED0E00CFDE4C /* JMCIssueStore.h */,
				D2F82F311462ED0E00CFDE4C /* JMCIssueStore.m */,
				D2F82F321462ED0E00CFDE4C /* JMCIssuesViewController.h */,
				D2F82F331462ED0E00CFDE4C /* JMCIssuesViewController.m */,
				D2F82F341462ED0E00CFDE4C /* JMCIssueViewController.h */,
				D2F82F351462ED0E00CFDE4C /* JMCIssueViewController.m */,
				D2F82F361462ED0E00CFDE4C /* JMCIssueViewController.xib */,
				D2F82F371462ED0E00CFDE4C /* JMCMessageBubble.h */,
				D2F82F381462ED0E00CFDE4C /* JMCMessageBubble.m */,
				D2F82F391462ED0E00CFDE4C /* JMCMessageCell.h */,
				D2F82F3A1462ED0E00CFDE4C /* JMCMessageCell.m */,
				D2F82F3B1462ED0E00CFDE4C /* JMCNotifier.h */,
				D2F82F3C1462ED0E00CFDE4C /* JMCNotifier.m */,
			);
			path = inbox;
			sourceTree = "<group>";
		};
		D2F82F3F1462ED0E00CFDE4C /* model */ = {
			isa = PBXGroup;
			children = (
				D2F82F401462ED0E00CFDE4C /* JMCComment.h */,
				D2F82F411462ED0E00CFDE4C /* JMCComment.m */,
				D2F82F421462ED0E00CFDE4C /* JMCIssue.h */,
				D2F82F431462ED0E00CFDE4C /* JMCIssue.m */,
			);
			path = model;
			sourceTree = "<group>";
		};
		D2F82F441462ED0E00CFDE4C /* queue */ = {
			isa = PBXGroup;
			children = (
				D2F82F451462ED0E00CFDE4C /* JMCQueueItem.h */,
				D2F82F461462ED0E00CFDE4C /* JMCQueueItem.m */,
				D2F82F471462ED0E00CFDE4C /* JMCRequestQueue.h */,
				D2F82F481462ED0E00CFDE4C /* JMCRequestQueue.m */,
			);
			path = queue;
			sourceTree = "<group>";
		};
		D2F82F491462ED0E00CFDE4C /* sketch */ = {
			isa = PBXGroup;
			children = (
				D2F82F4A1462ED0E00CFDE4C /* JMCLine.h */,
				D2F82F4B1462ED0E00CFDE4C /* JMCLine.m */,
				D2F82F4C1462ED0E00CFDE4C /* JMCSketch.h */,
				D2F82F4D1462ED0E00CFDE4C /* JMCSketch.m */,
				D2F82F4E1462ED0E00CFDE4C /* JMCSketchContainerView.h */,
				D2F82F4F1462ED0E00CFDE4C /* JMCSketchContainerView.m */,
				D2F82F501462ED0E00CFDE4C /* JMCSketchScrollView.h */,
				D2F82F511462ED0E00CFDE4C /* JMCSketchScrollView.m */,
				D2F82F521462ED0E00CFDE4C /* JMCSketchView.h */,
				D2F82F531462ED0E00CFDE4C /* JMCSketchView.m */,
				D2F82F541462ED0E00CFDE4C /* JMCSketchViewController.h */,
				D2F82F551462ED0E00CFDE4C /* JMCSketchViewController.m */,
				D2F82F561462ED0E00CFDE4C /* JMCSketchViewController.xib */,
				D2F82F571462ED0E00CFDE4C /* JMCSketchViewControllerDelegate.h */,
			);
			path = sketch;
			sourceTree = "<group>";
		};
		D2F82F581462ED0E00CFDE4C /* transport */ = {
			isa = PBXGroup;
			children = (
				D2F82F591462ED0E00CFDE4C /* JMCCrashSender.h */,
				D2F82F5A1462ED0E00CFDE4C /* JMCCrashSender.m */,
				D2F82F5B1462ED0E00CFDE4C /* JMCCrashTransport.h */,
				D2F82F5C1462ED0E00CFDE4C /* JMCCrashTransport.m */,
				D2F82F5D1462ED0E00CFDE4C /* JMCCreateIssueDelegate.h */,
				D2F82F5E1462ED0E00CFDE4C /* JMCCreateIssueDelegate.m */,
				D2F82F5F1462ED0E00CFDE4C /* JMCIssueTransport.h */,
				D2F82F601462ED0E00CFDE4C /* JMCIssueTransport.m */,
				D2F82F611462ED0E00CFDE4C /* JMCPing.h */,
				D2F82F621462ED0E00CFDE4C /* JMCPing.m */,
				D2F82F631462ED0E00CFDE4C /* JMCReplyDelegate.h */,
				D2F82F641462ED0E00CFDE4C /* JMCReplyDelegate.m */,
				D2F82F651462ED0E00CFDE4C /* JMCReplyTransport.h */,
				D2F82F661462ED0E00CFDE4C /* JMCReplyTransport.m */,
				D2F82F671462ED0E00CFDE4C /* JMCTransport.h */,
				D2F82F681462ED0E00CFDE4C /* JMCTransport.m */,
			);
			path = transport;
			sourceTree = "<group>";
		};
		D2F82F691462ED0F00CFDE4C /* views */ = {
			isa = PBXGroup;
			children = (
				D2F82F6A1462ED0F00CFDE4C /* JMCToolbarButton.h */,
				D2F82F6B1462ED0F00CFDE4C /* JMCToolbarButton.m */,
				D2F82F6C1462ED0F00CFDE4C /* UILabel+VerticalAlign.h */,
				D2F82F6D1462ED0F00CFDE4C /* UILabel+VerticalAlign.m */,
				D2F82F6E1462ED0F00CFDE4C /* UIView+Additions.h */,
				D2F82F6F1462ED0F00CFDE4C /* UIView+Additions.m */,
			);
			path = views;
			sourceTree = "<group>";
		};
		D2F82F791462ED0F00CFDE4C /* Libraries */ = {
			isa = PBXGroup;
			children = (
				D2F82F7A1462ED0F00CFDE4C /* ASIHTTP */,
				D2F82F8F1462ED0F00CFDE4C /* CrashReporter.framework */,
				D2F82F901462ED0F00CFDE4C /* FMDB */,
				D2F82F9A1462ED0F00CFDE4C /* JSON */,
				D2F82FA61462ED0F00CFDE4C /* Licenses */,
				D2F82FAD1462ED0F00CFDE4C /* Reachability */,
				D2F82FB01462ED0F00CFDE4C /* UIImageCategories */,
			);
			path = Libraries;
			sourceTree = "<group>";
		};
		D2F82F7A1462ED0F00CFDE4C /* ASIHTTP */ = {
			isa = PBXGroup;
			children = (
				D2F82F7B1462ED0F00CFDE4C /* ASIAuthenticationDialog.h */,
				D2F82F7C1462ED0F00CFDE4C /* ASIAuthenticationDialog.m */,
				D2F82F7D1462ED0F00CFDE4C /* ASICacheDelegate.h */,
				D2F82F7E1462ED0F00CFDE4C /* ASIDataCompressor.h */,
				D2F82F7F1462ED0F00CFDE4C /* ASIDataCompressor.m */,
				D2F82F801462ED0F00CFDE4C /* ASIDataDecompressor.h */,
				D2F82F811462ED0F00CFDE4C /* ASIDataDecompressor.m */,
				D2F82F821462ED0F00CFDE4C /* ASIDownloadCache.h */,
				D2F82F831462ED0F00CFDE4C /* ASIDownloadCache.m */,
				D2F82F841462ED0F00CFDE4C /* ASIFormDataRequest.h */,
				D2F82F851462ED0F00CFDE4C /* ASIFormDataRequest.m */,
				D2F82F861462ED0F00CFDE4C /* ASIHTTPRequest.h */,
				D2F82F871462ED0F00CFDE4C /* ASIHTTPRequest.m */,
				D2F82F881462ED0F00CFDE4C /* ASIHTTPRequestConfig.h */,
				D2F82F891462ED0F00CFDE4C /* ASIHTTPRequestDelegate.h */,
				D2F82F8A1462ED0F00CFDE4C /* ASIInputStream.h */,
				D2F82F8B1462ED0F00CFDE4C /* ASIInputStream.m */,
				D2F82F8C1462ED0F00CFDE4C /* ASINetworkQueue.h */,
				D2F82F8D1462ED0F00CFDE4C /* ASINetworkQueue.m */,
				D2F82F8E1462ED0F00CFDE4C /* ASIProgressDelegate.h */,
			);
			path = ASIHTTP;
			sourceTree = "<group>";
		};
		D2F82F901462ED0F00CFDE4C /* FMDB */ = {
			isa = PBXGroup;
			children = (
				D2F82F911462ED0F00CFDE4C /* CONTRIBUTORS.txt */,
				D2F82F921462ED0F00CFDE4C /* LICENSE.txt */,
				D2F82F931462ED0F00CFDE4C /* src */,
			);
			path = FMDB;
			sourceTree = "<group>";
		};
		D2F82F931462ED0F00CFDE4C /* src */ = {
			isa = PBXGroup;
			children = (
				D2F82F941462ED0F00CFDE4C /* FMDatabase.h */,
				D2F82F951462ED0F00CFDE4C /* FMDatabase.m */,
				D2F82F961462ED0F00CFDE4C /* FMDatabaseAdditions.h */,
				D2F82F971462ED0F00CFDE4C /* FMDatabaseAdditions.m */,
				D2F82F981462ED0F00CFDE4C /* FMResultSet.h */,
				D2F82F991462ED0F00CFDE4C /* FMResultSet.m */,
			);
			path = src;
			sourceTree = "<group>";
		};
		D2F82F9A1462ED0F00CFDE4C /* JSON */ = {
			isa = PBXGroup;
			children = (
				D2F82F9B1462ED0F00CFDE4C /* JSON.h */,
				D2F82F9C1462ED0F00CFDE4C /* NSObject+SBJSON.h */,
				D2F82F9D1462ED0F00CFDE4C /* NSObject+SBJSON.m */,
				D2F82F9E1462ED0F00CFDE4C /* NSString+SBJSON.h */,
				D2F82F9F1462ED0F00CFDE4C /* NSString+SBJSON.m */,
				D2F82FA01462ED0F00CFDE4C /* SBJsonBase.h */,
				D2F82FA11462ED0F00CFDE4C /* SBJsonBase.m */,
				D2F82FA21462ED0F00CFDE4C /* SBJsonParser.h */,
				D2F82FA31462ED0F00CFDE4C /* SBJsonParser.m */,
				D2F82FA41462ED0F00CFDE4C /* SBJsonWriter.h */,
				D2F82FA51462ED0F00CFDE4C /* SBJsonWriter.m */,
			);
			path = JSON;
			sourceTree = "<group>";
		};
		D2F82FA61462ED0F00CFDE4C /* Licenses */ = {
			isa = PBXGroup;
			children = (
				D2F82FA71462ED0F00CFDE4C /* ASI-HTTP-REQUEST.txt */,
				D2F82FA81462ED0F00CFDE4C /* CR-ACTIVITY-VIEW.txt */,
				D2F82FA91462ED0F00CFDE4C /* FMDB.txt */,
				D2F82FAA1462ED0F00CFDE4C /* JSON.txt */,
				D2F82FAB1462ED0F00CFDE4C /* PL-CRASH-REPORTER.txt */,
				D2F82FAC1462ED0F00CFDE4C /* UI-IMAGE-CATEGORIES.txt */,
			);
			path = Licenses;
			sourceTree = "<group>";
		};
		D2F82FAD1462ED0F00CFDE4C /* Reachability */ = {
			isa = PBXGroup;
			children = (
				D2F82FAE1462ED0F00CFDE4C /* Reachability.h */,
				D2F82FAF1462ED0F00CFDE4C /* Reachability.m */,
			);
			path = Reachability;
			sourceTree = "<group>";
		};
		D2F82FB01462ED0F00CFDE4C /* UIImageCategories */ = {
			isa = PBXGroup;
			children = (
				D2F82FB11462ED0F00CFDE4C /* UIImage+Alpha.h */,
				D2F82FB21462ED0F00CFDE4C /* UIImage+Alpha.m */,
				D2F82FB31462ED0F00CFDE4C /* UIImage+Resize.h */,
				D2F82FB41462ED0F00CFDE4C /* UIImage+Resize.m */,
				D2F82FB51462ED0F00CFDE4C /* UIImage+RoundedCorner.h */,
				D2F82FB61462ED0F00CFDE4C /* UIImage+RoundedCorner.m */,
			);
			path = UIImageCategories;
			sourceTree = "<group>";
		};
		D2F82FB71462ED0F00CFDE4C /* Resources */ = {
			isa = PBXGroup;
			children = (
				D2F82FB81462ED0F00CFDE4C /* Balloon_1.png */,
				D2F82FB91462ED0F00CFDE4C /* Balloon_2.png */,
				D2F82FBA1462ED0F00CFDE4C /* bluedot.png */,
				D2F82FBB1462ED0F00CFDE4C /* button_base.png */,
				D2F82FBC1462ED0F00CFDE4C /* button_base@2x.png */,
				D2F82FBD1462ED0F00CFDE4C /* cancel.png */,
				D2F82FBE1462ED0F00CFDE4C /* JMCLocalizable.strings */,
				D2F82FC11462ED0F00CFDE4C /* icon_capture.png */,
				D2F82FC21462ED0F00CFDE4C /* icon_capture@2x.png */,
				D2F82FC31462ED0F00CFDE4C /* icon_record.png */,
				D2F82FC41462ED0F00CFDE4C /* icon_record@2x.png */,
				D2F82FC51462ED0F00CFDE4C /* icon_record_1.png */,
				D2F82FC61462ED0F00CFDE4C /* icon_record_1@2x.png */,
				D2F82FC71462ED0F00CFDE4C /* icon_record_2.png */,
				D2F82FC81462ED0F00CFDE4C /* icon_record_2@2x.png */,
				D2F82FC91462ED0F00CFDE4C /* icon_record_3.png */,
				D2F82FCA1462ED0F00CFDE4C /* icon_record_3@2x.png */,
				D2F82FCB1462ED0F00CFDE4C /* icon_record_4.png */,
				D2F82FCC1462ED0F00CFDE4C /* icon_record_4@2x.png */,
				D2F82FCD1462ED0F00CFDE4C /* icon_record_5.png */,
				D2F82FCE1462ED0F00CFDE4C /* icon_record_5@2x.png */,
				D2F82FCF1462ED0F00CFDE4C /* icon_record_6.png */,
				D2F82FD01462ED0F00CFDE4C /* icon_record_6@2x.png */,
				D2F82FD11462ED0F00CFDE4C /* icon_record_7.png */,
				D2F82FD21462ED0F00CFDE4C /* icon_record_7@2x.png */,
				D2F82FD31462ED0F00CFDE4C /* icon_record_8.png */,
				D2F82FD41462ED0F00CFDE4C /* icon_record_8@2x.png */,
				D2F82FD51462ED0F00CFDE4C /* icon_record_active.png */,
				D2F82FD61462ED0F00CFDE4C /* icon_record_active@2x.png */,
				D2F82FD71462ED0F00CFDE4C /* icon_record_pulse.png */,
				D2F82FD81462ED0F00CFDE4C /* icon_record_pulse@2x.png */,
				D2F82FD91462ED0F00CFDE4C /* megaphone.png */,
				D2F82FDA1462ED0F00CFDE4C /* megaphone@2x.png */,
				D2F82FDB1462ED0F00CFDE4C /* notsent.png */,
				D2F82FDC1462ED0F00CFDE4C /* notsent@2x.png */,
			);
			path = Resources;
			sourceTree = "<group>";
		};
/* End PBXGroup section */

/* Begin PBXNativeTarget section */
		D245859A13865AB900B0881A /* One minute */ = {
			isa = PBXNativeTarget;
			buildConfigurationList = D24585B613865ABA00B0881A /* Build configuration list for PBXNativeTarget "One minute" */;
			buildPhases = (
				D245859713865AB900B0881A /* Sources */,
				D245859813865AB900B0881A /* Frameworks */,
				D245859913865AB900B0881A /* Resources */,
			);
			buildRules = (
			);
			dependencies = (
			);
			name = "One minute";
			productName = "One minute";
			productReference = D245859B13865AB900B0881A /* One minute.app */;
			productType = "com.apple.product-type.application";
		};
/* End PBXNativeTarget section */

/* Begin PBXProject section */
		D245859213865AB900B0881A /* Project object */ = {
			isa = PBXProject;
			attributes = {
				ORGANIZATIONNAME = www.injoit.com;
			};
			buildConfigurationList = D245859513865AB900B0881A /* Build configuration list for PBXProject "One minute" */;
			compatibilityVersion = "Xcode 3.2";
			developmentRegion = English;
			hasScannedForEncodings = 0;
			knownRegions = (
				en,
				de,
			);
			mainGroup = D245859013865AB900B0881A;
			productRefGroup = D245859C13865AB900B0881A /* Products */;
			projectDirPath = "";
			projectRoot = "";
			targets = (
				D245859A13865AB900B0881A /* One minute */,
			);
		};
/* End PBXProject section */

/* Begin PBXResourcesBuildPhase section */
		D245859913865AB900B0881A /* Resources */ = {
			isa = PBXResourcesBuildPhase;
			buildActionMask = 2147483647;
			files = (
				D24585AA13865AB900B0881A /* InfoPlist.strings in Resources */,
				D24585B313865ABA00B0881A /* MainWindow.xib in Resources */,
				D24585C813865FD100B0881A /* EncoderImagesToMovie.xib in Resources */,
				D24585D01386679300B0881A /* CameraController.xib in Resources */,
				D2E953651387A9AC0083CFA4 /* WorkspaceFileListViewer.xib in Resources */,
				D2E9536A1387AD460083CFA4 /* MainMenuController.xib in Resources */,
				D2D62A9813882A600097530E /* WorkspacesController.xib in Resources */,
				D2F82FDF1462ED0F00CFDE4C /* JMCIssuePreviewCell.xib in Resources */,
				D2F82FE31462ED0F00CFDE4C /* JMCIssueViewController.xib in Resources */,
				D2F82FF21462ED0F00CFDE4C /* JMCSketchViewController.xib in Resources */,
				D2F830011462ED0F00CFDE4C /* JMCViewController.xib in Resources */,
				D2F8300B1462ED0F00CFDE4C /* CONTRIBUTORS.txt in Resources */,
				D2F8300C1462ED0F00CFDE4C /* LICENSE.txt in Resources */,
				D2F830151462ED0F00CFDE4C /* ASI-HTTP-REQUEST.txt in Resources */,
				D2F830161462ED0F00CFDE4C /* CR-ACTIVITY-VIEW.txt in Resources */,
				D2F830171462ED0F00CFDE4C /* FMDB.txt in Resources */,
				D2F830181462ED0F00CFDE4C /* JSON.txt in Resources */,
				D2F830191462ED0F00CFDE4C /* PL-CRASH-REPORTER.txt in Resources */,
				D2F8301A1462ED0F00CFDE4C /* UI-IMAGE-CATEGORIES.txt in Resources */,
				D2F8301F1462ED0F00CFDE4C /* Balloon_1.png in Resources */,
				D2F830201462ED0F00CFDE4C /* Balloon_2.png in Resources */,
				D2F830211462ED0F00CFDE4C /* bluedot.png in Resources */,
				D2F830221462ED0F00CFDE4C /* button_base.png in Resources */,
				D2F830231462ED0F00CFDE4C /* button_base@2x.png in Resources */,
				D2F830241462ED0F00CFDE4C /* cancel.png in Resources */,
				D2F830251462ED0F00CFDE4C /* JMCLocalizable.strings in Resources */,
				D2F830261462ED0F00CFDE4C /* icon_capture.png in Resources */,
				D2F830271462ED0F00CFDE4C /* icon_capture@2x.png in Resources */,
				D2F830281462ED0F00CFDE4C /* icon_record.png in Resources */,
				D2F830291462ED0F00CFDE4C /* icon_record@2x.png in Resources */,
				D2F8302A1462ED0F00CFDE4C /* icon_record_1.png in Resources */,
				D2F8302B1462ED0F00CFDE4C /* icon_record_1@2x.png in Resources */,
				D2F8302C1462ED0F00CFDE4C /* icon_record_2.png in Resources */,
				D2F8302D1462ED0F00CFDE4C /* icon_record_2@2x.png in Resources */,
				D2F8302E1462ED0F00CFDE4C /* icon_record_3.png in Resources */,
				D2F8302F1462ED0F00CFDE4C /* icon_record_3@2x.png in Resources */,
				D2F830301462ED0F00CFDE4C /* icon_record_4.png in Resources */,
				D2F830311462ED0F00CFDE4C /* icon_record_4@2x.png in Resources */,
				D2F830321462ED0F00CFDE4C /* icon_record_5.png in Resources */,
				D2F830331462ED0F00CFDE4C /* icon_record_5@2x.png in Resources */,
				D2F830341462ED0F00CFDE4C /* icon_record_6.png in Resources */,
				D2F830351462ED0F00CFDE4C /* icon_record_6@2x.png in Resources */,
				D2F830361462ED0F00CFDE4C /* icon_record_7.png in Resources */,
				D2F830371462ED0F00CFDE4C /* icon_record_7@2x.png in Resources */,
				D2F830381462ED0F00CFDE4C /* icon_record_8.png in Resources */,
				D2F830391462ED0F00CFDE4C /* icon_record_8@2x.png in Resources */,
				D2F8303A1462ED0F00CFDE4C /* icon_record_active.png in Resources */,
				D2F8303B1462ED0F00CFDE4C /* icon_record_active@2x.png in Resources */,
				D2F8303C1462ED0F00CFDE4C /* icon_record_pulse.png in Resources */,
				D2F8303D1462ED0F00CFDE4C /* icon_record_pulse@2x.png in Resources */,
				D2F8303E1462ED0F00CFDE4C /* megaphone.png in Resources */,
				D2F8303F1462ED0F00CFDE4C /* megaphone@2x.png in Resources */,
				D2F830401462ED0F00CFDE4C /* notsent.png in Resources */,
				D2F830411462ED0F00CFDE4C /* notsent@2x.png in Resources */,
			);
			runOnlyForDeploymentPostprocessing = 0;
		};
/* End PBXResourcesBuildPhase section */

/* Begin PBXSourcesBuildPhase section */
		D245859713865AB900B0881A /* Sources */ = {
			isa = PBXSourcesBuildPhase;
			buildActionMask = 2147483647;
			files = (
				D24585AD13865AB900B0881A /* main.m in Sources */,
				D24585B013865ABA00B0881A /* One_minuteAppDelegate.m in Sources */,
				D24585BB13865AFF00B0881A /* CameraController.m in Sources */,
				D24585C713865FD100B0881A /* EncoderImagesToMovie.m in Sources */,
				D24585EC1386748D00B0881A /* Utils.m in Sources */,
				D2E953691387AD460083CFA4 /* MainMenuController.m in Sources */,
				D2D62A8E13882A390097530E /* WorkspaceItem.m in Sources */,
				D2D62A9613882A600097530E /* WorkspacesController.m in Sources */,
				D2D62A9913882A600097530E /* WorkspaceFileListViewer.m in Sources */,
				D2C33DDC13A4D1030015F5ED /* RedGradientButton.m in Sources */,
				D2C33DDD13A4D1030015F5ED /* BlueGradientButton.m in Sources */,
				D2C33DDE13A4D1030015F5ED /* AbstractGradientButton.m in Sources */,
				D2F82FDD1462ED0F00CFDE4C /* CrashReporter.m in Sources */,
				D2F82FDE1462ED0F00CFDE4C /* JMCIssuePreviewCell.m in Sources */,
				D2F82FE01462ED0F00CFDE4C /* JMCIssueStore.m in Sources */,
				D2F82FE11462ED0F00CFDE4C /* JMCIssuesViewController.m in Sources */,
				D2F82FE21462ED0F00CFDE4C /* JMCIssueViewController.m in Sources */,
				D2F82FE41462ED0F00CFDE4C /* JMCMessageBubble.m in Sources */,
				D2F82FE51462ED0F00CFDE4C /* JMCMessageCell.m in Sources */,
				D2F82FE61462ED0F00CFDE4C /* JMCNotifier.m in Sources */,
				D2F82FE71462ED0F00CFDE4C /* JMCRecorder.m in Sources */,
				D2F82FE81462ED0F00CFDE4C /* JMCComment.m in Sources */,
				D2F82FE91462ED0F00CFDE4C /* JMCIssue.m in Sources */,
				D2F82FEA1462ED0F00CFDE4C /* JMCQueueItem.m in Sources */,
				D2F82FEB1462ED0F00CFDE4C /* JMCRequestQueue.m in Sources */,
				D2F82FEC1462ED0F00CFDE4C /* JMCLine.m in Sources */,
				D2F82FED1462ED0F00CFDE4C /* JMCSketch.m in Sources */,
				D2F82FEE1462ED0F00CFDE4C /* JMCSketchContainerView.m in Sources */,
				D2F82FEF1462ED0F00CFDE4C /* JMCSketchScrollView.m in Sources */,
				D2F82FF01462ED0F00CFDE4C /* JMCSketchView.m in Sources */,
				D2F82FF11462ED0F00CFDE4C /* JMCSketchViewController.m in Sources */,
				D2F82FF31462ED0F00CFDE4C /* JMCCrashSender.m in Sources */,
				D2F82FF41462ED0F00CFDE4C /* JMCCrashTransport.m in Sources */,
				D2F82FF51462ED0F00CFDE4C /* JMCCreateIssueDelegate.m in Sources */,
				D2F82FF61462ED0F00CFDE4C /* JMCIssueTransport.m in Sources */,
				D2F82FF71462ED0F00CFDE4C /* JMCPing.m in Sources */,
				D2F82FF81462ED0F00CFDE4C /* JMCReplyDelegate.m in Sources */,
				D2F82FF91462ED0F00CFDE4C /* JMCReplyTransport.m in Sources */,
				D2F82FFA1462ED0F00CFDE4C /* JMCTransport.m in Sources */,
				D2F82FFB1462ED0F00CFDE4C /* JMCToolbarButton.m in Sources */,
				D2F82FFC1462ED0F00CFDE4C /* UILabel+VerticalAlign.m in Sources */,
				D2F82FFD1462ED0F00CFDE4C /* UIView+Additions.m in Sources */,
				D2F82FFE1462ED0F00CFDE4C /* JMC.m in Sources */,
				D2F82FFF1462ED0F00CFDE4C /* JMCAttachmentItem.m in Sources */,
				D2F830001462ED0F00CFDE4C /* JMCViewController.m in Sources */,
				D2F830021462ED0F00CFDE4C /* ASIAuthenticationDialog.m in Sources */,
				D2F830031462ED0F00CFDE4C /* ASIDataCompressor.m in Sources */,
				D2F830041462ED0F00CFDE4C /* ASIDataDecompressor.m in Sources */,
				D2F830051462ED0F00CFDE4C /* ASIDownloadCache.m in Sources */,
				D2F830061462ED0F00CFDE4C /* ASIFormDataRequest.m in Sources */,
				D2F830071462ED0F00CFDE4C /* ASIHTTPRequest.m in Sources */,
				D2F830081462ED0F00CFDE4C /* ASIInputStream.m in Sources */,
				D2F830091462ED0F00CFDE4C /* ASINetworkQueue.m in Sources */,
				D2F8300D1462ED0F00CFDE4C /* FMDatabase.m in Sources */,
				D2F8300E1462ED0F00CFDE4C /* FMDatabaseAdditions.m in Sources */,
				D2F8300F1462ED0F00CFDE4C /* FMResultSet.m in Sources */,
				D2F830101462ED0F00CFDE4C /* NSObject+SBJSON.m in Sources */,
				D2F830111462ED0F00CFDE4C /* NSString+SBJSON.m in Sources */,
				D2F830121462ED0F00CFDE4C /* SBJsonBase.m in Sources */,
				D2F830131462ED0F00CFDE4C /* SBJsonParser.m in Sources */,
				D2F830141462ED0F00CFDE4C /* SBJsonWriter.m in Sources */,
				D2F8301B1462ED0F00CFDE4C /* Reachability.m in Sources */,
				D2F8301C1462ED0F00CFDE4C /* UIImage+Alpha.m in Sources */,
				D2F8301D1462ED0F00CFDE4C /* UIImage+Resize.m in Sources */,
				D2F8301E1462ED0F00CFDE4C /* UIImage+RoundedCorner.m in Sources */,
			);
			runOnlyForDeploymentPostprocessing = 0;
		};
/* End PBXSourcesBuildPhase section */

/* Begin PBXVariantGroup section */
		D24585A813865AB900B0881A /* InfoPlist.strings */ = {
			isa = PBXVariantGroup;
			children = (
				D24585A913865AB900B0881A /* en */,
			);
			name = InfoPlist.strings;
			sourceTree = "<group>";
		};
		D24585B113865ABA00B0881A /* MainWindow.xib */ = {
			isa = PBXVariantGroup;
			children = (
				D24585B213865ABA00B0881A /* en */,
			);
			name = MainWindow.xib;
			sourceTree = "<group>";
		};
		D2F82FBE1462ED0F00CFDE4C /* JMCLocalizable.strings */ = {
			isa = PBXVariantGroup;
			children = (
				D2F82FBF1462ED0F00CFDE4C /* de */,
				D2F82FC01462ED0F00CFDE4C /* en */,
			);
			name = JMCLocalizable.strings;
			sourceTree = "<group>";
		};
/* End PBXVariantGroup section */

/* Begin XCBuildConfiguration section */
		D24585B413865ABA00B0881A /* Debug */ = {
			isa = XCBuildConfiguration;
			buildSettings = {
				ARCHS = "$(ARCHS_STANDARD_32_BIT)";
				"CODE_SIGN_IDENTITY[sdk=iphoneos*]" = "iPhone Developer";
				GCC_C_LANGUAGE_STANDARD = gnu99;
				GCC_OPTIMIZATION_LEVEL = 0;
				GCC_PREPROCESSOR_DEFINITIONS = DEBUG;
				GCC_SYMBOLS_PRIVATE_EXTERN = NO;
				GCC_VERSION = com.apple.compilers.llvmgcc42;
				GCC_WARN_ABOUT_RETURN_TYPE = YES;
				GCC_WARN_UNUSED_VARIABLE = YES;
				IPHONEOS_DEPLOYMENT_TARGET = 4.3;
				SDKROOT = iphoneos;
			};
			name = Debug;
		};
		D24585B513865ABA00B0881A /* Release */ = {
			isa = XCBuildConfiguration;
			buildSettings = {
				ARCHS = "$(ARCHS_STANDARD_32_BIT)";
				"CODE_SIGN_IDENTITY[sdk=iphoneos*]" = "iPhone Developer";
				GCC_C_LANGUAGE_STANDARD = gnu99;
				GCC_VERSION = com.apple.compilers.llvmgcc42;
				GCC_WARN_ABOUT_RETURN_TYPE = YES;
				GCC_WARN_UNUSED_VARIABLE = YES;
				IPHONEOS_DEPLOYMENT_TARGET = 4.3;
				OTHER_CFLAGS = "-DNS_BLOCK_ASSERTIONS=1";
				SDKROOT = iphoneos;
			};
			name = Release;
		};
		D24585B713865ABA00B0881A /* Debug */ = {
			isa = XCBuildConfiguration;
			buildSettings = {
				ALWAYS_SEARCH_USER_PATHS = NO;
				COPY_PHASE_STRIP = NO;
				FRAMEWORK_SEARCH_PATHS = (
					"$(inherited)",
					"\"$(SRCROOT)/JMCClasses/Libraries\"",
				);
				GCC_DYNAMIC_NO_PIC = NO;
				GCC_PRECOMPILE_PREFIX_HEADER = YES;
				GCC_PREFIX_HEADER = "One minute/One minute-Prefix.pch";
				INFOPLIST_FILE = "One minute/One minute-Info.plist";
				IPHONEOS_DEPLOYMENT_TARGET = 4.1;
				PRODUCT_NAME = "$(TARGET_NAME)";
				WRAPPER_EXTENSION = app;
			};
			name = Debug;
		};
		D24585B813865ABA00B0881A /* Release */ = {
			isa = XCBuildConfiguration;
			buildSettings = {
				ALWAYS_SEARCH_USER_PATHS = NO;
				COPY_PHASE_STRIP = YES;
				FRAMEWORK_SEARCH_PATHS = (
					"$(inherited)",
					"\"$(SRCROOT)/JMCClasses/Libraries\"",
				);
				GCC_PRECOMPILE_PREFIX_HEADER = YES;
				GCC_PREFIX_HEADER = "One minute/One minute-Prefix.pch";
				INFOPLIST_FILE = "One minute/One minute-Info.plist";
				IPHONEOS_DEPLOYMENT_TARGET = 4.1;
				PRODUCT_NAME = "$(TARGET_NAME)";
				VALIDATE_PRODUCT = YES;
				WRAPPER_EXTENSION = app;
			};
			name = Release;
		};
/* End XCBuildConfiguration section */

/* Begin XCConfigurationList section */
		D245859513865AB900B0881A /* Build configuration list for PBXProject "One minute" */ = {
			isa = XCConfigurationList;
			buildConfigurations = (
				D24585B413865ABA00B0881A /* Debug */,
				D24585B513865ABA00B0881A /* Release */,
			);
			defaultConfigurationIsVisible = 0;
			defaultConfigurationName = Release;
		};
		D24585B613865ABA00B0881A /* Build configuration list for PBXNativeTarget "One minute" */ = {
			isa = XCConfigurationList;
			buildConfigurations = (
				D24585B713865ABA00B0881A /* Debug */,
				D24585B813865ABA00B0881A /* Release */,
			);
			defaultConfigurationIsVisible = 0;
			defaultConfigurationName = Release;
		};
/* End XCConfigurationList section */
	};
	rootObject = D245859213865AB900B0881A /* Project object */;
}
