// !$*UTF8*$!
{
	archiveVersion = 1;
	classes = {
	};
	objectVersion = 46;
	objects = {

/* Begin PBXBuildFile section */
		D24585A013865AB900B0881A /* UIKit.framework in Frameworks */ = {isa = PBXBuildFile; fileRef = D245859F13865AB900B0881A /* UIKit.framework */; };
		D24585A213865AB900B0881A /* Foundation.framework in Frameworks */ = {isa = PBXBuildFile; fileRef = D24585A113865AB900B0881A /* Foundation.framework */; };
		D24585A413865AB900B0881A /* CoreGraphics.framework in Frameworks */ = {isa = PBXBuildFile; fileRef = D24585A313865AB900B0881A /* CoreGraphics.framework */; };
		D24585AA13865AB900B0881A /* InfoPlist.strings in Resources */ = {isa = PBXBuildFile; fileRef = D24585A813865AB900B0881A /* InfoPlist.strings */; };
		D24585AD13865AB900B0881A /* main.m in Sources */ = {isa = PBXBuildFile; fileRef = D24585AC13865AB900B0881A /* main.m */; };
		D24585B013865ABA00B0881A /* One_minuteAppDelegate.m in Sources */ = {isa = PBXBuildFile; fileRef = D24585AF13865ABA00B0881A /* One_minuteAppDelegate.m */; };
		D24585B313865ABA00B0881A /* MainWindow.xib in Resources */ = {isa = PBXBuildFile; fileRef = D24585B113865ABA00B0881A /* MainWindow.xib */; };
		D24585BB13865AFF00B0881A /* CameraController.m in Sources */ = {isa = PBXBuildFile; fileRef = D24585BA13865AFF00B0881A /* CameraController.m */; };
		D24585BD13865CBF00B0881A /* AVFoundation.framework in Frameworks */ = {isa = PBXBuildFile; fileRef = D24585BC13865CBF00B0881A /* AVFoundation.framework */; };
		D24585BF13865CC700B0881A /* CoreAudio.framework in Frameworks */ = {isa = PBXBuildFile; fileRef = D24585BE13865CC700B0881A /* CoreAudio.framework */; };
		D24585C113865CCE00B0881A /* CoreMedia.framework in Frameworks */ = {isa = PBXBuildFile; fileRef = D24585C013865CCE00B0881A /* CoreMedia.framework */; };
		D24585C313865CD200B0881A /* CoreVideo.framework in Frameworks */ = {isa = PBXBuildFile; fileRef = D24585C213865CD200B0881A /* CoreVideo.framework */; };
		D24585C713865FD100B0881A /* EncoderImagesToMovie.m in Sources */ = {isa = PBXBuildFile; fileRef = D24585C513865FD100B0881A /* EncoderImagesToMovie.m */; };
		D24585C813865FD100B0881A /* EncoderImagesToMovie.xib in Resources */ = {isa = PBXBuildFile; fileRef = D24585C613865FD100B0881A /* EncoderImagesToMovie.xib */; };
		D24585D01386679300B0881A /* CameraController.xib in Resources */ = {isa = PBXBuildFile; fileRef = D24585CF1386679300B0881A /* CameraController.xib */; };
		D24585EC1386748D00B0881A /* Utils.m in Sources */ = {isa = PBXBuildFile; fileRef = D24585EB1386748D00B0881A /* Utils.m */; };
		D24585EF13867C3700B0881A /* MessageUI.framework in Frameworks */ = {isa = PBXBuildFile; fileRef = D24585EE13867C3700B0881A /* MessageUI.framework */; };
		D24586111386A3B500B0881A /* QuartzCore.framework in Frameworks */ = {isa = PBXBuildFile; fileRef = D24586101386A3B500B0881A /* QuartzCore.framework */; };
		D2C33DDC13A4D1030015F5ED /* RedGradientButton.m in Sources */ = {isa = PBXBuildFile; fileRef = D2C33DD613A4D1030015F5ED /* RedGradientButton.m */; };
		D2C33DDD13A4D1030015F5ED /* BlueGradientButton.m in Sources */ = {isa = PBXBuildFile; fileRef = D2C33DD813A4D1030015F5ED /* BlueGradientButton.m */; };
		D2C33DDE13A4D1030015F5ED /* AbstractGradientButton.m in Sources */ = {isa = PBXBuildFile; fileRef = D2C33DDB13A4D1030015F5ED /* AbstractGradientButton.m */; };
		D2D62A8E13882A390097530E /* WorkspaceItem.m in Sources */ = {isa = PBXBuildFile; fileRef = D2D62A8D13882A390097530E /* WorkspaceItem.m */; };
		D2D62A9613882A600097530E /* WorkspacesController.m in Sources */ = {isa = PBXBuildFile; fileRef = D2D62A8F13882A600097530E /* WorkspacesController.m */; };
		D2D62A9813882A600097530E /* WorkspacesController.xib in Resources */ = {isa = PBXBuildFile; fileRef = D2D62A9413882A600097530E /* WorkspacesController.xib */; };
		D2D62A9913882A600097530E /* WorkspaceFileListViewer.m in Sources */ = {isa = PBXBuildFile; fileRef = D2D62A9513882A600097530E /* WorkspaceFileListViewer.m */; };
		D2E953651387A9AC0083CFA4 /* WorkspaceFileListViewer.xib in Resources */ = {isa = PBXBuildFile; fileRef = D2E953631387A9AC0083CFA4 /* WorkspaceFileListViewer.xib */; };
		D2E953691387AD460083CFA4 /* MainMenuController.m in Sources */ = {isa = PBXBuildFile; fileRef = D2E953671387AD460083CFA4 /* MainMenuController.m */; };
		D2E9536A1387AD460083CFA4 /* MainMenuController.xib in Resources */ = {isa = PBXBuildFile; fileRef = D2E953681387AD460083CFA4 /* MainMenuController.xib */; };
		D2F830441462ED5200CFDE4C /* libz.dylib in Frameworks */ = {isa = PBXBuildFile; fileRef = D2F830431462ED5200CFDE4C /* libz.dylib */; };
		D2F830461462ED6400CFDE4C /* libsqlite3.dylib in Frameworks */ = {isa = PBXBuildFile; fileRef = D2F830451462ED6400CFDE4C /* libsqlite3.dylib */; };
		D2F830481462ED7C00CFDE4C /* CFNetwork.framework in Frameworks */ = {isa = PBXBuildFile; fileRef = D2F830471462ED7C00CFDE4C /* CFNetwork.framework */; };
		D2F8304A1462ED9D00CFDE4C /* SystemConfiguration.framework in Frameworks */ = {isa = PBXBuildFile; fileRef = D2F830491462ED9D00CFDE4C /* SystemConfiguration.framework */; };
		D2F8304C1462EDA800CFDE4C /* MobileCoreServices.framework in Frameworks */ = {isa = PBXBuildFile; fileRef = D2F8304B1462EDA800CFDE4C /* MobileCoreServices.framework */; };
		D2F8304E1462EDBE00CFDE4C /* CoreLocation.framework in Frameworks */ = {isa = PBXBuildFile; fileRef = D2F8304D1462EDBE00CFDE4C /* CoreLocation.framework */; };
/* End PBXBuildFile section */

/* Begin PBXFileReference section */
		D245859B13865AB900B0881A /* One minute.app */ = {isa = PBXFileReference; explicitFileType = wrapper.application; includeInIndex = 0; path = "One minute.app"; sourceTree = BUILT_PRODUCTS_DIR; };
		D245859F13865AB900B0881A /* UIKit.framework */ = {isa = PBXFileReference; lastKnownFileType = wrapper.framework; name = UIKit.framework; path = System/Library/Frameworks/UIKit.framework; sourceTree = SDKROOT; };
		D24585A113865AB900B0881A /* Foundation.framework */ = {isa = PBXFileReference; lastKnownFileType = wrapper.framework; name = Foundation.framework; path = System/Library/Frameworks/Foundation.framework; sourceTree = SDKROOT; };
		D24585A313865AB900B0881A /* CoreGraphics.framework */ = {isa = PBXFileReference; lastKnownFileType = wrapper.framework; name = CoreGraphics.framework; path = System/Library/Frameworks/CoreGraphics.framework; sourceTree = SDKROOT; };
		D24585A713865AB900B0881A /* One minute-Info.plist */ = {isa = PBXFileReference; lastKnownFileType = text.plist.xml; path = "One minute-Info.plist"; sourceTree = "<group>"; };
		D24585A913865AB900B0881A /* en */ = {isa = PBXFileReference; lastKnownFileType = text.plist.strings; name = en; path = en.lproj/InfoPlist.strings; sourceTree = "<group>"; };
		D24585AB13865AB900B0881A /* One minute-Prefix.pch */ = {isa = PBXFileReference; lastKnownFileType = sourcecode.c.h; path = "One minute-Prefix.pch"; sourceTree = "<group>"; };
		D24585AC13865AB900B0881A /* main.m */ = {isa = PBXFileReference; lastKnownFileType = sourcecode.c.objc; path = main.m; sourceTree = "<group>"; };
		D24585AE13865AB900B0881A /* One_minuteAppDelegate.h */ = {isa = PBXFileReference; lastKnownFileType = sourcecode.c.h; path = One_minuteAppDelegate.h; sourceTree = "<group>"; };
		D24585AF13865ABA00B0881A /* One_minuteAppDelegate.m */ = {isa = PBXFileReference; lastKnownFileType = sourcecode.c.objc; path = One_minuteAppDelegate.m; sourceTree = "<group>"; };
		D24585B213865ABA00B0881A /* en */ = {isa = PBXFileReference; lastKnownFileType = file.xib; name = en; path = en.lproj/MainWindow.xib; sourceTree = "<group>"; };
		D24585B913865AFF00B0881A /* CameraController.h */ = {isa = PBXFileReference; fileEncoding = 4; lastKnownFileType = sourcecode.c.h; path = CameraController.h; sourceTree = "<group>"; };
		D24585BA13865AFF00B0881A /* CameraController.m */ = {isa = PBXFileReference; fileEncoding = 4; lastKnownFileType = sourcecode.c.objc; path = CameraController.m; sourceTree = "<group>"; };
		D24585BC13865CBF00B0881A /* AVFoundation.framework */ = {isa = PBXFileReference; lastKnownFileType = wrapper.framework; name = AVFoundation.framework; path = System/Library/Frameworks/AVFoundation.framework; sourceTree = SDKROOT; };
		D24585BE13865CC700B0881A /* CoreAudio.framework */ = {isa = PBXFileReference; lastKnownFileType = wrapper.framework; name = CoreAudio.framework; path = System/Library/Frameworks/CoreAudio.framework; sourceTree = SDKROOT; };
		D24585C013865CCE00B0881A /* CoreMedia.framework */ = {isa = PBXFileReference; lastKnownFileType = wrapper.framework; name = CoreMedia.framework; path = System/Library/Frameworks/CoreMedia.framework; sourceTree = SDKROOT; };
		D24585C213865CD200B0881A /* CoreVideo.framework */ = {isa = PBXFileReference; lastKnownFileType = wrapper.framework; name = CoreVideo.framework; path = System/Library/Frameworks/CoreVideo.framework; sourceTree = SDKROOT; };
		D24585C413865FD100B0881A /* EncoderImagesToMovie.h */ = {isa = PBXFileReference; fileEncoding = 4; lastKnownFileType = sourcecode.c.h; path = EncoderImagesToMovie.h; sourceTree = "<group>"; };
		D24585C513865FD100B0881A /* EncoderImagesToMovie.m */ = {isa = PBXFileReference; fileEncoding = 4; lastKnownFileType = sourcecode.c.objc; path = EncoderImagesToMovie.m; sourceTree = "<group>"; };
		D24585C613865FD100B0881A /* EncoderImagesToMovie.xib */ = {isa = PBXFileReference; fileEncoding = 4; lastKnownFileType = file.xib; path = EncoderImagesToMovie.xib; sourceTree = "<group>"; };
		D24585CF1386679300B0881A /* CameraController.xib */ = {isa = PBXFileReference; fileEncoding = 4; lastKnownFileType = file.xib; path = CameraController.xib; sourceTree = "<group>"; };
		D24585EA1386748D00B0881A /* Utils.h */ = {isa = PBXFileReference; fileEncoding = 4; lastKnownFileType = sourcecode.c.h; path = Utils.h; sourceTree = "<group>"; };
		D24585EB1386748D00B0881A /* Utils.m */ = {isa = PBXFileReference; fileEncoding = 4; lastKnownFileType = sourcecode.c.objc; path = Utils.m; sourceTree = "<group>"; };
		D24585EE13867C3700B0881A /* MessageUI.framework */ = {isa = PBXFileReference; lastKnownFileType = wrapper.framework; name = MessageUI.framework; path = System/Library/Frameworks/MessageUI.framework; sourceTree = SDKROOT; };
		D24586101386A3B500B0881A /* QuartzCore.framework */ = {isa = PBXFileReference; lastKnownFileType = wrapper.framework; name = QuartzCore.framework; path = System/Library/Frameworks/QuartzCore.framework; sourceTree = SDKROOT; };
		D2C33DD613A4D1030015F5ED /* RedGradientButton.m */ = {isa = PBXFileReference; fileEncoding = 4; lastKnownFileType = sourcecode.c.objc; name = RedGradientButton.m; path = Custom/RedGradientButton.m; sourceTree = "<group>"; };
		D2C33DD713A4D1030015F5ED /* RedGradientButton.h */ = {isa = PBXFileReference; fileEncoding = 4; lastKnownFileType = sourcecode.c.h; name = RedGradientButton.h; path = Custom/RedGradientButton.h; sourceTree = "<group>"; };
		D2C33DD813A4D1030015F5ED /* BlueGradientButton.m */ = {isa = PBXFileReference; fileEncoding = 4; lastKnownFileType = sourcecode.c.objc; name = BlueGradientButton.m; path = Custom/BlueGradientButton.m; sourceTree = "<group>"; };
		D2C33DD913A4D1030015F5ED /* BlueGradientButton.h */ = {isa = PBXFileReference; fileEncoding = 4; lastKnownFileType = sourcecode.c.h; name = BlueGradientButton.h; path = Custom/BlueGradientButton.h; sourceTree = "<group>"; };
		D2C33DDA13A4D1030015F5ED /* AbstractGradientButton.h */ = {isa = PBXFileReference; fileEncoding = 4; lastKnownFileType = sourcecode.c.h; name = AbstractGradientButton.h; path = Custom/AbstractGradientButton.h; sourceTree = "<group>"; };
		D2C33DDB13A4D1030015F5ED /* AbstractGradientButton.m */ = {isa = PBXFileReference; fileEncoding = 4; lastKnownFileType = sourcecode.c.objc; name = AbstractGradientButton.m; path = Custom/AbstractGradientButton.m; sourceTree = "<group>"; };
		D2D62A8C13882A390097530E /* WorkspaceItem.h */ = {isa = PBXFileReference; fileEncoding = 4; lastKnownFileType = sourcecode.c.h; name = WorkspaceItem.h; path = Workspace/WorkspaceItem.h; sourceTree = "<group>"; };
		D2D62A8D13882A390097530E /* WorkspaceItem.m */ = {isa = PBXFileReference; fileEncoding = 4; lastKnownFileType = sourcecode.c.objc; name = WorkspaceItem.m; path = Workspace/WorkspaceItem.m; sourceTree = "<group>"; };
		D2D62A8F13882A600097530E /* WorkspacesController.m */ = {isa = PBXFileReference; fileEncoding = 4; lastKnownFileType = sourcecode.c.objc; name = WorkspacesController.m; path = Workspace/WorkspacesController.m; sourceTree = "<group>"; };
		D2D62A9013882A600097530E /* WorkspacesController.h */ = {isa = PBXFileReference; fileEncoding = 4; lastKnownFileType = sourcecode.c.h; name = WorkspacesController.h; path = Workspace/WorkspacesController.h; sourceTree = "<group>"; };
		D2D62A9313882A600097530E /* WorkspaceFileListViewer.h */ = {isa = PBXFileReference; fileEncoding = 4; lastKnownFileType = sourcecode.c.h; name = WorkspaceFileListViewer.h; path = Workspace/WorkspaceFileListViewer.h; sourceTree = "<group>"; };
		D2D62A9413882A600097530E /* WorkspacesController.xib */ = {isa = PBXFileReference; fileEncoding = 4; lastKnownFileType = file.xib; name = WorkspacesController.xib; path = Workspace/WorkspacesController.xib; sourceTree = "<group>"; };
		D2D62A9513882A600097530E /* WorkspaceFileListViewer.m */ = {isa = PBXFileReference; fileEncoding = 4; lastKnownFileType = sourcecode.c.objc; name = WorkspaceFileListViewer.m; path = Workspace/WorkspaceFileListViewer.m; sourceTree = "<group>"; };
		D2E953631387A9AC0083CFA4 /* WorkspaceFileListViewer.xib */ = {isa = PBXFileReference; fileEncoding = 4; lastKnownFileType = file.xib; path = WorkspaceFileListViewer.xib; sourceTree = "<group>"; };
		D2E953661387AD460083CFA4 /* MainMenuController.h */ = {isa = PBXFileReference; fileEncoding = 4; lastKnownFileType = sourcecode.c.h; path = MainMenuController.h; sourceTree = "<group>"; };
		D2E953671387AD460083CFA4 /* MainMenuController.m */ = {isa = PBXFileReference; fileEncoding = 4; lastKnownFileType = sourcecode.c.objc; path = MainMenuController.m; sourceTree = "<group>"; };
		D2E953681387AD460083CFA4 /* MainMenuController.xib */ = {isa = PBXFileReference; fileEncoding = 4; lastKnownFileType = file.xib; path = MainMenuController.xib; sourceTree = "<group>"; };
		D2F830431462ED5200CFDE4C /* libz.dylib */ = {isa = PBXFileReference; lastKnownFileType = "compiled.mach-o.dylib"; name = libz.dylib; path = usr/lib/libz.dylib; sourceTree = SDKROOT; };
		D2F830451462ED6400CFDE4C /* libsqlite3.dylib */ = {isa = PBXFileReference; lastKnownFileType = "compiled.mach-o.dylib"; name = libsqlite3.dylib; path = usr/lib/libsqlite3.dylib; sourceTree = SDKROOT; };
		D2F830471462ED7C00CFDE4C /* CFNetwork.framework */ = {isa = PBXFileReference; lastKnownFileType = wrapper.framework; name = CFNetwork.framework; path = System/Library/Frameworks/CFNetwork.framework; sourceTree = SDKROOT; };
		D2F830491462ED9D00CFDE4C /* SystemConfiguration.framework */ = {isa = PBXFileReference; lastKnownFileType = wrapper.framework; name = SystemConfiguration.framework; path = System/Library/Frameworks/SystemConfiguration.framework; sourceTree = SDKROOT; };
		D2F8304B1462EDA800CFDE4C /* MobileCoreServices.framework */ = {isa = PBXFileReference; lastKnownFileType = wrapper.framework; name = MobileCoreServices.framework; path = System/Library/Frameworks/MobileCoreServices.framework; sourceTree = SDKROOT; };
		D2F8304D1462EDBE00CFDE4C /* CoreLocation.framework */ = {isa = PBXFileReference; lastKnownFileType = wrapper.framework; name = CoreLocation.framework; path = System/Library/Frameworks/CoreLocation.framework; sourceTree = SDKROOT; };
/* End PBXFileReference section */

/* Begin PBXFrameworksBuildPhase section */
		D245859813865AB900B0881A /* Frameworks */ = {
			isa = PBXFrameworksBuildPhase;
			buildActionMask = 2147483647;
			files = (
				D2F8304E1462EDBE00CFDE4C /* CoreLocation.framework in Frameworks */,
				D2F8304C1462EDA800CFDE4C /* MobileCoreServices.framework in Frameworks */,
				D2F8304A1462ED9D00CFDE4C /* SystemConfiguration.framework in Frameworks */,
				D2F830481462ED7C00CFDE4C /* CFNetwork.framework in Frameworks */,
				D2F830461462ED6400CFDE4C /* libsqlite3.dylib in Frameworks */,
				D2F830441462ED5200CFDE4C /* libz.dylib in Frameworks */,
				D24586111386A3B500B0881A /* QuartzCore.framework in Frameworks */,
				D24585EF13867C3700B0881A /* MessageUI.framework in Frameworks */,
				D24585C313865CD200B0881A /* CoreVideo.framework in Frameworks */,
				D24585C113865CCE00B0881A /* CoreMedia.framework in Frameworks */,
				D24585BF13865CC700B0881A /* CoreAudio.framework in Frameworks */,
				D24585BD13865CBF00B0881A /* AVFoundation.framework in Frameworks */,
				D24585A013865AB900B0881A /* UIKit.framework in Frameworks */,
				D24585A213865AB900B0881A /* Foundation.framework in Frameworks */,
				D24585A413865AB900B0881A /* CoreGraphics.framework in Frameworks */,
			);
			runOnlyForDeploymentPostprocessing = 0;
		};
/* End PBXFrameworksBuildPhase section */

/* Begin PBXGroup section */
		D245859013865AB900B0881A = {
			isa = PBXGroup;
			children = (
				D2F8304D1462EDBE00CFDE4C /* CoreLocation.framework */,
				D2F8304B1462EDA800CFDE4C /* MobileCoreServices.framework */,
				D2F830491462ED9D00CFDE4C /* SystemConfiguration.framework */,
				D2F830471462ED7C00CFDE4C /* CFNetwork.framework */,
				D2F830451462ED6400CFDE4C /* libsqlite3.dylib */,
				D2F830431462ED5200CFDE4C /* libz.dylib */,
				D24585A513865AB900B0881A /* One minute */,
				D245859E13865AB900B0881A /* Frameworks */,
				D245859C13865AB900B0881A /* Products */,
			);
			sourceTree = "<group>";
		};
		D245859C13865AB900B0881A /* Products */ = {
			isa = PBXGroup;
			children = (
				D245859B13865AB900B0881A /* One minute.app */,
			);
			name = Products;
			sourceTree = "<group>";
		};
		D245859E13865AB900B0881A /* Frameworks */ = {
			isa = PBXGroup;
			children = (
				D24586101386A3B500B0881A /* QuartzCore.framework */,
				D24585EE13867C3700B0881A /* MessageUI.framework */,
				D24585C213865CD200B0881A /* CoreVideo.framework */,
				D24585C013865CCE00B0881A /* CoreMedia.framework */,
				D24585BE13865CC700B0881A /* CoreAudio.framework */,
				D24585BC13865CBF00B0881A /* AVFoundation.framework */,
				D245859F13865AB900B0881A /* UIKit.framework */,
				D24585A113865AB900B0881A /* Foundation.framework */,
				D24585A313865AB900B0881A /* CoreGraphics.framework */,
			);
			name = Frameworks;
			sourceTree = "<group>";
		};
		D24585A513865AB900B0881A /* One minute */ = {
			isa = PBXGroup;
			children = (
				D24585AE13865AB900B0881A /* One_minuteAppDelegate.h */,
				D24585AF13865ABA00B0881A /* One_minuteAppDelegate.m */,
				D2E953661387AD460083CFA4 /* MainMenuController.h */,
				D2E953671387AD460083CFA4 /* MainMenuController.m */,
				D24585B913865AFF00B0881A /* CameraController.h */,
				D24585BA13865AFF00B0881A /* CameraController.m */,
				D24585C413865FD100B0881A /* EncoderImagesToMovie.h */,
				D24585C513865FD100B0881A /* EncoderImagesToMovie.m */,
				D2C33DD413A4D0E30015F5ED /* Custom Objects */,
				D2D62A8B138828C10097530E /* WorkSpace */,
				D2E9535F1387A94E0083CFA4 /* Resources */,
				D24585E91386748D00B0881A /* Utils */,
				D24585A613865AB900B0881A /* Supporting Files */,
			);
			path = "One minute";
			sourceTree = "<group>";
		};
		D24585A613865AB900B0881A /* Supporting Files */ = {
			isa = PBXGroup;
			children = (
				D24585A713865AB900B0881A /* One minute-Info.plist */,
				D24585A813865AB900B0881A /* InfoPlist.strings */,
				D24585AB13865AB900B0881A /* One minute-Prefix.pch */,
				D24585AC13865AB900B0881A /* main.m */,
			);
			name = "Supporting Files";
			sourceTree = "<group>";
		};
		D24585E91386748D00B0881A /* Utils */ = {
			isa = PBXGroup;
			children = (
				D24585EA1386748D00B0881A /* Utils.h */,
				D24585EB1386748D00B0881A /* Utils.m */,
			);
			path = Utils;
			sourceTree = "<group>";
		};
		D2C33DD413A4D0E30015F5ED /* Custom Objects */ = {
			isa = PBXGroup;
			children = (
				D2C33DD713A4D1030015F5ED /* RedGradientButton.h */,
				D2C33DD613A4D1030015F5ED /* RedGradientButton.m */,
				D2C33DD913A4D1030015F5ED /* BlueGradientButton.h */,
				D2C33DD813A4D1030015F5ED /* BlueGradientButton.m */,
				D2C33DDA13A4D1030015F5ED /* AbstractGradientButton.h */,
				D2C33DDB13A4D1030015F5ED /* AbstractGradientButton.m */,
			);
			name = "Custom Objects";
			sourceTree = "<group>";
		};
		D2D62A8B138828C10097530E /* WorkSpace */ = {
			isa = PBXGroup;
			children = (
				D2D62A9013882A600097530E /* WorkspacesController.h */,
				D2D62A8F13882A600097530E /* WorkspacesController.m */,
				D2D62A9413882A600097530E /* WorkspacesController.xib */,
				D2D62A9313882A600097530E /* WorkspaceFileListViewer.h */,
				D2D62A9513882A600097530E /* WorkspaceFileListViewer.m */,
				D2D62A8C13882A390097530E /* WorkspaceItem.h */,
				D2D62A8D13882A390097530E /* WorkspaceItem.m */,
			);
			name = WorkSpace;
			sourceTree = "<group>";
		};
		D2E9535F1387A94E0083CFA4 /* Resources */ = {
			isa = PBXGroup;
			children = (
				D24585B113865ABA00B0881A /* MainWindow.xib */,
				D2E953681387AD460083CFA4 /* MainMenuController.xib */,
				D24585CF1386679300B0881A /* CameraController.xib */,
				D24585C613865FD100B0881A /* EncoderImagesToMovie.xib */,
				D2E953631387A9AC0083CFA4 /* WorkspaceFileListViewer.xib */,
			);
			name = Resources;
			sourceTree = "<group>";
		};
/* End PBXGroup section */

/* Begin PBXNativeTarget section */
		D245859A13865AB900B0881A /* One minute */ = {
			isa = PBXNativeTarget;
			buildConfigurationList = D24585B613865ABA00B0881A /* Build configuration list for PBXNativeTarget "One minute" */;
			buildPhases = (
				D245859713865AB900B0881A /* Sources */,
				D245859813865AB900B0881A /* Frameworks */,
				D245859913865AB900B0881A /* Resources */,
			);
			buildRules = (
			);
			dependencies = (
			);
			name = "One minute";
			productName = "One minute";
			productReference = D245859B13865AB900B0881A /* One minute.app */;
			productType = "com.apple.product-type.application";
		};
/* End PBXNativeTarget section */

/* Begin PBXProject section */
		D245859213865AB900B0881A /* Project object */ = {
			isa = PBXProject;
			attributes = {
				ORGANIZATIONNAME = www.injoit.com;
			};
			buildConfigurationList = D245859513865AB900B0881A /* Build configuration list for PBXProject "One minute" */;
			compatibilityVersion = "Xcode 3.2";
			developmentRegion = English;
			hasScannedForEncodings = 0;
			knownRegions = (
				en,
				de,
			);
			mainGroup = D245859013865AB900B0881A;
			productRefGroup = D245859C13865AB900B0881A /* Products */;
			projectDirPath = "";
			projectRoot = "";
			targets = (
				D245859A13865AB900B0881A /* One minute */,
			);
		};
/* End PBXProject section */

/* Begin PBXResourcesBuildPhase section */
		D245859913865AB900B0881A /* Resources */ = {
			isa = PBXResourcesBuildPhase;
			buildActionMask = 2147483647;
			files = (
				D24585AA13865AB900B0881A /* InfoPlist.strings in Resources */,
				D24585B313865ABA00B0881A /* MainWindow.xib in Resources */,
				D24585C813865FD100B0881A /* EncoderImagesToMovie.xib in Resources */,
				D24585D01386679300B0881A /* CameraController.xib in Resources */,
				D2E953651387A9AC0083CFA4 /* WorkspaceFileListViewer.xib in Resources */,
				D2E9536A1387AD460083CFA4 /* MainMenuController.xib in Resources */,
				D2D62A9813882A600097530E /* WorkspacesController.xib in Resources */,
			);
			runOnlyForDeploymentPostprocessing = 0;
		};
/* End PBXResourcesBuildPhase section */

/* Begin PBXSourcesBuildPhase section */
		D245859713865AB900B0881A /* Sources */ = {
			isa = PBXSourcesBuildPhase;
			buildActionMask = 2147483647;
			files = (
				D24585AD13865AB900B0881A /* main.m in Sources */,
				D24585B013865ABA00B0881A /* One_minuteAppDelegate.m in Sources */,
				D24585BB13865AFF00B0881A /* CameraController.m in Sources */,
				D24585C713865FD100B0881A /* EncoderImagesToMovie.m in Sources */,
				D24585EC1386748D00B0881A /* Utils.m in Sources */,
				D2E953691387AD460083CFA4 /* MainMenuController.m in Sources */,
				D2D62A8E13882A390097530E /* WorkspaceItem.m in Sources */,
				D2D62A9613882A600097530E /* WorkspacesController.m in Sources */,
				D2D62A9913882A600097530E /* WorkspaceFileListViewer.m in Sources */,
				D2C33DDC13A4D1030015F5ED /* RedGradientButton.m in Sources */,
				D2C33DDD13A4D1030015F5ED /* BlueGradientButton.m in Sources */,
				D2C33DDE13A4D1030015F5ED /* AbstractGradientButton.m in Sources */,
			);
			runOnlyForDeploymentPostprocessing = 0;
		};
/* End PBXSourcesBuildPhase section */

/* Begin PBXVariantGroup section */
		D24585A813865AB900B0881A /* InfoPlist.strings */ = {
			isa = PBXVariantGroup;
			children = (
				D24585A913865AB900B0881A /* en */,
			);
			name = InfoPlist.strings;
			sourceTree = "<group>";
		};
		D24585B113865ABA00B0881A /* MainWindow.xib */ = {
			isa = PBXVariantGroup;
			children = (
				D24585B213865ABA00B0881A /* en */,
			);
			name = MainWindow.xib;
			sourceTree = "<group>";
		};
/* End PBXVariantGroup section */

/* Begin XCBuildConfiguration section */
		D24585B413865ABA00B0881A /* Debug */ = {
			isa = XCBuildConfiguration;
			buildSettings = {
				ARCHS = "$(ARCHS_STANDARD_32_BIT)";
				"CODE_SIGN_IDENTITY[sdk=iphoneos*]" = "iPhone Developer";
				GCC_C_LANGUAGE_STANDARD = gnu99;
				GCC_OPTIMIZATION_LEVEL = 0;
				GCC_PREPROCESSOR_DEFINITIONS = DEBUG;
				GCC_SYMBOLS_PRIVATE_EXTERN = NO;
				GCC_VERSION = com.apple.compilers.llvmgcc42;
				GCC_WARN_ABOUT_RETURN_TYPE = YES;
				GCC_WARN_UNUSED_VARIABLE = YES;
				IPHONEOS_DEPLOYMENT_TARGET = 4.3;
				SDKROOT = iphoneos;
			};
			name = Debug;
		};
		D24585B513865ABA00B0881A /* Release */ = {
			isa = XCBuildConfiguration;
			buildSettings = {
				ARCHS = "$(ARCHS_STANDARD_32_BIT)";
				"CODE_SIGN_IDENTITY[sdk=iphoneos*]" = "iPhone Developer";
				GCC_C_LANGUAGE_STANDARD = gnu99;
				GCC_VERSION = com.apple.compilers.llvmgcc42;
				GCC_WARN_ABOUT_RETURN_TYPE = YES;
				GCC_WARN_UNUSED_VARIABLE = YES;
				IPHONEOS_DEPLOYMENT_TARGET = 4.3;
				OTHER_CFLAGS = "-DNS_BLOCK_ASSERTIONS=1";
				SDKROOT = iphoneos;
			};
			name = Release;
		};
		D24585B713865ABA00B0881A /* Debug */ = {
			isa = XCBuildConfiguration;
			buildSettings = {
				ALWAYS_SEARCH_USER_PATHS = NO;
				COPY_PHASE_STRIP = NO;
				FRAMEWORK_SEARCH_PATHS = (
					"$(inherited)",
					"\"$(SRCROOT)/JMCClasses/Libraries\"",
				);
				GCC_DYNAMIC_NO_PIC = NO;
				GCC_PRECOMPILE_PREFIX_HEADER = YES;
				GCC_PREFIX_HEADER = "One minute/One minute-Prefix.pch";
				INFOPLIST_FILE = "One minute/One minute-Info.plist";
				IPHONEOS_DEPLOYMENT_TARGET = 4.1;
				PRODUCT_NAME = "$(TARGET_NAME)";
				WRAPPER_EXTENSION = app;
			};
			name = Debug;
		};
		D24585B813865ABA00B0881A /* Release */ = {
			isa = XCBuildConfiguration;
			buildSettings = {
				ALWAYS_SEARCH_USER_PATHS = NO;
				COPY_PHASE_STRIP = YES;
				FRAMEWORK_SEARCH_PATHS = (
					"$(inherited)",
					"\"$(SRCROOT)/JMCClasses/Libraries\"",
				);
				GCC_PRECOMPILE_PREFIX_HEADER = YES;
				GCC_PREFIX_HEADER = "One minute/One minute-Prefix.pch";
				INFOPLIST_FILE = "One minute/One minute-Info.plist";
				IPHONEOS_DEPLOYMENT_TARGET = 4.1;
				PRODUCT_NAME = "$(TARGET_NAME)";
				VALIDATE_PRODUCT = YES;
				WRAPPER_EXTENSION = app;
			};
			name = Release;
		};
/* End XCBuildConfiguration section */

/* Begin XCConfigurationList section */
		D245859513865AB900B0881A /* Build configuration list for PBXProject "One minute" */ = {
			isa = XCConfigurationList;
			buildConfigurations = (
				D24585B413865ABA00B0881A /* Debug */,
				D24585B513865ABA00B0881A /* Release */,
			);
			defaultConfigurationIsVisible = 0;
			defaultConfigurationName = Release;
		};
		D24585B613865ABA00B0881A /* Build configuration list for PBXNativeTarget "One minute" */ = {
			isa = XCConfigurationList;
			buildConfigurations = (
				D24585B713865ABA00B0881A /* Debug */,
				D24585B813865ABA00B0881A /* Release */,
			);
			defaultConfigurationIsVisible = 0;
			defaultConfigurationName = Release;
		};
/* End XCConfigurationList section */
	};
	rootObject = D245859213865AB900B0881A /* Project object */;
}
